<?xml version="1.0" encoding="UTF-8"?>
<!DOCTYPE plist PUBLIC "-//Apple//DTD PLIST 1.0//EN" "http://www.apple.com/DTDs/PropertyList-1.0.dtd">
<plist version="1.0">
<dict>
	<key>archiveVersion</key>
	<string>1</string>
	<key>classes</key>
	<dict/>
	<key>objectVersion</key>
	<string>46</string>
	<key>objects</key>
	<dict>
		<key>67227D084C1248AAB3636012</key>
		<dict>
			<key>fileRef</key>
			<string>FB6D22833BCC4867AC16B74A</string>
			<key>isa</key>
			<string>PBXBuildFile</string>
		</dict>
		<key>672FCFADD2F544C29D23B57F</key>
		<dict>
			<key>buildActionMask</key>
			<string>2147483647</string>
			<key>files</key>
			<array/>
			<key>inputPaths</key>
			<array/>
			<key>isa</key>
			<string>PBXShellScriptBuildPhase</string>
			<key>name</key>
			<string>Check Pods Manifest.lock</string>
			<key>outputPaths</key>
			<array/>
			<key>runOnlyForDeploymentPostprocessing</key>
			<string>0</string>
			<key>shellPath</key>
			<string>/bin/sh</string>
			<key>shellScript</key>
			<string>diff "${PODS_ROOT}/../Podfile.lock" "${PODS_ROOT}/Manifest.lock" &gt; /dev/null
if [[ $? != 0 ]] ; then
    cat &lt;&lt; EOM
error: The sandbox is not in sync with the Podfile.lock. Run 'pod install' or update your CocoaPods installation.
EOM
    exit 1
fi
</string>
			<key>showEnvVarsInLog</key>
			<string>0</string>
		</dict>
		<key>738169B509674909A798881A</key>
		<dict>
			<key>includeInIndex</key>
			<string>1</string>
			<key>isa</key>
			<string>PBXFileReference</string>
			<key>lastKnownFileType</key>
			<string>text.xcconfig</string>
			<key>name</key>
			<string>Pods.xcconfig</string>
			<key>path</key>
			<string>Pods/Pods.xcconfig</string>
			<key>sourceTree</key>
			<string>&lt;group&gt;</string>
		</dict>
		<key>746149B63A3A407287B87A35</key>
		<dict>
			<key>buildActionMask</key>
			<string>2147483647</string>
			<key>files</key>
			<array/>
			<key>inputPaths</key>
			<array/>
			<key>isa</key>
			<string>PBXShellScriptBuildPhase</string>
			<key>name</key>
			<string>Copy Pods Resources</string>
			<key>outputPaths</key>
			<array/>
			<key>runOnlyForDeploymentPostprocessing</key>
			<string>0</string>
			<key>shellPath</key>
			<string>/bin/sh</string>
			<key>shellScript</key>
			<string>"${SRCROOT}/Pods/Pods-resources.sh"
</string>
			<key>showEnvVarsInLog</key>
			<string>0</string>
		</dict>
		<key>8EB57C121911FF90001D115E</key>
		<dict>
			<key>children</key>
			<array>
				<string>8EB57C241911FF90001D115E</string>
				<string>8EB57C431911FF90001D115E</string>
				<string>8EB57C1D1911FF90001D115E</string>
				<string>8EB57C1C1911FF90001D115E</string>
				<string>738169B509674909A798881A</string>
			</array>
			<key>isa</key>
			<string>PBXGroup</string>
			<key>sourceTree</key>
			<string>&lt;group&gt;</string>
		</dict>
		<key>8EB57C131911FF90001D115E</key>
		<dict>
			<key>attributes</key>
			<dict>
				<key>CLASSPREFIX</key>
				<string>KJ</string>
				<key>LastUpgradeCheck</key>
				<string>0510</string>
				<key>ORGANIZATIONNAME</key>
				<string>Daniel Rakhamimov</string>
				<key>TargetAttributes</key>
				<dict>
					<key>8EB57C3B1911FF90001D115E</key>
					<dict>
						<key>TestTargetID</key>
						<string>8EB57C1A1911FF90001D115E</string>
					</dict>
				</dict>
			</dict>
			<key>buildConfigurationList</key>
			<string>8EB57C161911FF90001D115E</string>
			<key>compatibilityVersion</key>
			<string>Xcode 3.2</string>
			<key>developmentRegion</key>
			<string>English</string>
			<key>hasScannedForEncodings</key>
			<string>0</string>
			<key>isa</key>
			<string>PBXProject</string>
			<key>knownRegions</key>
			<array>
				<string>en</string>
				<string>Base</string>
			</array>
			<key>mainGroup</key>
			<string>8EB57C121911FF90001D115E</string>
			<key>productRefGroup</key>
			<string>8EB57C1C1911FF90001D115E</string>
			<key>projectDirPath</key>
			<string></string>
			<key>projectReferences</key>
			<array/>
			<key>projectRoot</key>
			<string></string>
			<key>targets</key>
			<array>
				<string>8EB57C1A1911FF90001D115E</string>
				<string>8EB57C3B1911FF90001D115E</string>
			</array>
		</dict>
		<key>8EB57C161911FF90001D115E</key>
		<dict>
			<key>buildConfigurations</key>
			<array>
				<string>8EB57C4B1911FF90001D115E</string>
				<string>8EB57C4C1911FF90001D115E</string>
			</array>
			<key>defaultConfigurationIsVisible</key>
			<string>0</string>
			<key>defaultConfigurationName</key>
			<string>Release</string>
			<key>isa</key>
			<string>XCConfigurationList</string>
		</dict>
		<key>8EB57C171911FF90001D115E</key>
		<dict>
			<key>buildActionMask</key>
			<string>2147483647</string>
			<key>files</key>
			<array>
				<string>8EB57C8D19120A51001D115E</string>
				<string>8EB57C351911FF90001D115E</string>
				<string>8EB57C8919120A21001D115E</string>
				<string>8EB57C6A19120831001D115E</string>
				<string>8EB57C6019120822001D115E</string>
				<string>8EB57C6919120831001D115E</string>
				<string>8EB57C85191209D6001D115E</string>
				<string>8EB57C2B1911FF90001D115E</string>
				<string>8EB57C6B19120831001D115E</string>
				<string>8EB57C6C19120831001D115E</string>
				<string>8EB57C2F1911FF90001D115E</string>
				<string>8EB57C81191209A1001D115E</string>
				<string>8EB57C5A19120819001D115E</string>
			</array>
			<key>isa</key>
			<string>PBXSourcesBuildPhase</string>
			<key>runOnlyForDeploymentPostprocessing</key>
			<string>0</string>
		</dict>
		<key>8EB57C181911FF90001D115E</key>
		<dict>
			<key>buildActionMask</key>
			<string>2147483647</string>
			<key>files</key>
			<array>
				<string>8EB57C211911FF90001D115E</string>
				<string>8EB57C231911FF90001D115E</string>
				<string>8EB57C1F1911FF90001D115E</string>
				<string>67227D084C1248AAB3636012</string>
			</array>
			<key>isa</key>
			<string>PBXFrameworksBuildPhase</string>
			<key>runOnlyForDeploymentPostprocessing</key>
			<string>0</string>
		</dict>
		<key>8EB57C191911FF90001D115E</key>
		<dict>
			<key>buildActionMask</key>
			<string>2147483647</string>
			<key>files</key>
			<array>
				<string>8EB57C371911FF90001D115E</string>
				<string>8EB57C7A191208A5001D115E</string>
				<string>8EB57C291911FF90001D115E</string>
				<string>8EB57C77191208A5001D115E</string>
				<string>8EB57C321911FF90001D115E</string>
				<string>8EB57C7C191208A5001D115E</string>
				<string>8EB57C78191208A5001D115E</string>
				<string>8EB57C79191208A5001D115E</string>
				<string>8EB57C7E191208A5001D115E</string>
				<string>8EB57C7B191208A5001D115E</string>
				<string>8EB57C7D191208A5001D115E</string>
			</array>
			<key>isa</key>
			<string>PBXResourcesBuildPhase</string>
			<key>runOnlyForDeploymentPostprocessing</key>
			<string>0</string>
		</dict>
		<key>8EB57C1A1911FF90001D115E</key>
		<dict>
			<key>buildConfigurationList</key>
			<string>8EB57C4D1911FF90001D115E</string>
			<key>buildPhases</key>
			<array>
				<string>672FCFADD2F544C29D23B57F</string>
				<string>8EB57C171911FF90001D115E</string>
				<string>8EB57C181911FF90001D115E</string>
				<string>8EB57C191911FF90001D115E</string>
				<string>746149B63A3A407287B87A35</string>
			</array>
			<key>buildRules</key>
			<array/>
			<key>dependencies</key>
			<array/>
			<key>isa</key>
			<string>PBXNativeTarget</string>
			<key>name</key>
			<string>Kanjo</string>
			<key>productName</key>
			<string>Kanjo</string>
			<key>productReference</key>
			<string>8EB57C1B1911FF90001D115E</string>
			<key>productType</key>
			<string>com.apple.product-type.application</string>
		</dict>
		<key>8EB57C1B1911FF90001D115E</key>
		<dict>
			<key>explicitFileType</key>
			<string>wrapper.application</string>
			<key>includeInIndex</key>
			<string>0</string>
			<key>isa</key>
			<string>PBXFileReference</string>
			<key>path</key>
			<string>Kanjo.app</string>
			<key>sourceTree</key>
			<string>BUILT_PRODUCTS_DIR</string>
		</dict>
		<key>8EB57C1C1911FF90001D115E</key>
		<dict>
			<key>children</key>
			<array>
				<string>8EB57C1B1911FF90001D115E</string>
				<string>8EB57C3C1911FF90001D115E</string>
			</array>
			<key>isa</key>
			<string>PBXGroup</string>
			<key>name</key>
			<string>Products</string>
			<key>sourceTree</key>
			<string>&lt;group&gt;</string>
		</dict>
		<key>8EB57C1D1911FF90001D115E</key>
		<dict>
			<key>children</key>
			<array>
				<string>8EB57C1E1911FF90001D115E</string>
				<string>8EB57C201911FF90001D115E</string>
				<string>8EB57C221911FF90001D115E</string>
				<string>8EB57C3D1911FF90001D115E</string>
				<string>FB6D22833BCC4867AC16B74A</string>
			</array>
			<key>isa</key>
			<string>PBXGroup</string>
			<key>name</key>
			<string>Frameworks</string>
			<key>sourceTree</key>
			<string>&lt;group&gt;</string>
		</dict>
		<key>8EB57C1E1911FF90001D115E</key>
		<dict>
			<key>isa</key>
			<string>PBXFileReference</string>
			<key>lastKnownFileType</key>
			<string>wrapper.framework</string>
			<key>name</key>
			<string>Foundation.framework</string>
			<key>path</key>
			<string>System/Library/Frameworks/Foundation.framework</string>
			<key>sourceTree</key>
			<string>SDKROOT</string>
		</dict>
		<key>8EB57C1F1911FF90001D115E</key>
		<dict>
			<key>fileRef</key>
			<string>8EB57C1E1911FF90001D115E</string>
			<key>isa</key>
			<string>PBXBuildFile</string>
		</dict>
		<key>8EB57C201911FF90001D115E</key>
		<dict>
			<key>isa</key>
			<string>PBXFileReference</string>
			<key>lastKnownFileType</key>
			<string>wrapper.framework</string>
			<key>name</key>
			<string>CoreGraphics.framework</string>
			<key>path</key>
			<string>System/Library/Frameworks/CoreGraphics.framework</string>
			<key>sourceTree</key>
			<string>SDKROOT</string>
		</dict>
		<key>8EB57C211911FF90001D115E</key>
		<dict>
			<key>fileRef</key>
			<string>8EB57C201911FF90001D115E</string>
			<key>isa</key>
			<string>PBXBuildFile</string>
		</dict>
		<key>8EB57C221911FF90001D115E</key>
		<dict>
			<key>isa</key>
			<string>PBXFileReference</string>
			<key>lastKnownFileType</key>
			<string>wrapper.framework</string>
			<key>name</key>
			<string>UIKit.framework</string>
			<key>path</key>
			<string>System/Library/Frameworks/UIKit.framework</string>
			<key>sourceTree</key>
			<string>SDKROOT</string>
		</dict>
		<key>8EB57C231911FF90001D115E</key>
		<dict>
			<key>fileRef</key>
			<string>8EB57C221911FF90001D115E</string>
			<key>isa</key>
			<string>PBXBuildFile</string>
		</dict>
		<key>8EB57C241911FF90001D115E</key>
		<dict>
			<key>children</key>
			<array>
				<string>8EB57C2D1911FF90001D115E</string>
				<string>8EB57C2E1911FF90001D115E</string>
				<string>8EB57C82191209A7001D115E</string>
				<string>8EB57C331911FF90001D115E</string>
				<string>8EB57C341911FF90001D115E</string>
				<string>8EB57C301911FF90001D115E</string>
				<string>8EB57C361911FF90001D115E</string>
				<string>8EB57C251911FF90001D115E</string>
			</array>
			<key>isa</key>
			<string>PBXGroup</string>
			<key>path</key>
			<string>Kanjo</string>
			<key>sourceTree</key>
			<string>&lt;group&gt;</string>
		</dict>
		<key>8EB57C251911FF90001D115E</key>
		<dict>
			<key>children</key>
			<array>
				<string>8EB57C6D1912088A001D115E</string>
				<string>8EB57C53191207DD001D115E</string>
				<string>8EB57C261911FF90001D115E</string>
				<string>8EB57C271911FF90001D115E</string>
				<string>8EB57C2A1911FF90001D115E</string>
				<string>8EB57C2C1911FF90001D115E</string>
			</array>
			<key>isa</key>
			<string>PBXGroup</string>
			<key>name</key>
			<string>Supporting Files</string>
			<key>sourceTree</key>
			<string>&lt;group&gt;</string>
		</dict>
		<key>8EB57C261911FF90001D115E</key>
		<dict>
			<key>isa</key>
			<string>PBXFileReference</string>
			<key>lastKnownFileType</key>
			<string>text.plist.xml</string>
			<key>path</key>
			<string>Kanjo-Info.plist</string>
			<key>sourceTree</key>
			<string>&lt;group&gt;</string>
		</dict>
		<key>8EB57C271911FF90001D115E</key>
		<dict>
			<key>children</key>
			<array>
				<string>8EB57C281911FF90001D115E</string>
			</array>
			<key>isa</key>
			<string>PBXVariantGroup</string>
			<key>name</key>
			<string>InfoPlist.strings</string>
			<key>sourceTree</key>
			<string>&lt;group&gt;</string>
		</dict>
		<key>8EB57C281911FF90001D115E</key>
		<dict>
			<key>isa</key>
			<string>PBXFileReference</string>
			<key>lastKnownFileType</key>
			<string>text.plist.strings</string>
			<key>name</key>
			<string>en</string>
			<key>path</key>
			<string>en.lproj/InfoPlist.strings</string>
			<key>sourceTree</key>
			<string>&lt;group&gt;</string>
		</dict>
		<key>8EB57C291911FF90001D115E</key>
		<dict>
			<key>fileRef</key>
			<string>8EB57C271911FF90001D115E</string>
			<key>isa</key>
			<string>PBXBuildFile</string>
		</dict>
		<key>8EB57C2A1911FF90001D115E</key>
		<dict>
			<key>isa</key>
			<string>PBXFileReference</string>
			<key>lastKnownFileType</key>
			<string>sourcecode.c.objc</string>
			<key>path</key>
			<string>main.m</string>
			<key>sourceTree</key>
			<string>&lt;group&gt;</string>
		</dict>
		<key>8EB57C2B1911FF90001D115E</key>
		<dict>
			<key>fileRef</key>
			<string>8EB57C2A1911FF90001D115E</string>
			<key>isa</key>
			<string>PBXBuildFile</string>
		</dict>
		<key>8EB57C2C1911FF90001D115E</key>
		<dict>
			<key>isa</key>
			<string>PBXFileReference</string>
			<key>lastKnownFileType</key>
			<string>sourcecode.c.h</string>
			<key>path</key>
			<string>Kanjo-Prefix.pch</string>
			<key>sourceTree</key>
			<string>&lt;group&gt;</string>
		</dict>
		<key>8EB57C2D1911FF90001D115E</key>
		<dict>
			<key>isa</key>
			<string>PBXFileReference</string>
			<key>lastKnownFileType</key>
			<string>sourcecode.c.h</string>
			<key>path</key>
			<string>KJAppDelegate.h</string>
			<key>sourceTree</key>
			<string>&lt;group&gt;</string>
		</dict>
		<key>8EB57C2E1911FF90001D115E</key>
		<dict>
			<key>isa</key>
			<string>PBXFileReference</string>
			<key>lastKnownFileType</key>
			<string>sourcecode.c.objc</string>
			<key>path</key>
			<string>KJAppDelegate.m</string>
			<key>sourceTree</key>
			<string>&lt;group&gt;</string>
		</dict>
		<key>8EB57C2F1911FF90001D115E</key>
		<dict>
			<key>fileRef</key>
			<string>8EB57C2E1911FF90001D115E</string>
			<key>isa</key>
			<string>PBXBuildFile</string>
		</dict>
		<key>8EB57C301911FF90001D115E</key>
		<dict>
			<key>children</key>
			<array>
				<string>8EB57C311911FF90001D115E</string>
			</array>
			<key>isa</key>
			<string>PBXVariantGroup</string>
			<key>name</key>
			<string>Main.storyboard</string>
			<key>sourceTree</key>
			<string>&lt;group&gt;</string>
		</dict>
		<key>8EB57C311911FF90001D115E</key>
		<dict>
			<key>isa</key>
			<string>PBXFileReference</string>
			<key>lastKnownFileType</key>
			<string>file.storyboard</string>
			<key>name</key>
			<string>Base</string>
			<key>path</key>
			<string>Base.lproj/Main.storyboard</string>
			<key>sourceTree</key>
			<string>&lt;group&gt;</string>
		</dict>
		<key>8EB57C321911FF90001D115E</key>
		<dict>
			<key>fileRef</key>
			<string>8EB57C301911FF90001D115E</string>
			<key>isa</key>
			<string>PBXBuildFile</string>
		</dict>
		<key>8EB57C331911FF90001D115E</key>
		<dict>
			<key>isa</key>
			<string>PBXFileReference</string>
			<key>lastKnownFileType</key>
			<string>sourcecode.c.h</string>
			<key>path</key>
			<string>KJViewController.h</string>
			<key>sourceTree</key>
			<string>&lt;group&gt;</string>
		</dict>
		<key>8EB57C341911FF90001D115E</key>
		<dict>
			<key>isa</key>
			<string>PBXFileReference</string>
			<key>lastKnownFileType</key>
			<string>sourcecode.c.objc</string>
			<key>path</key>
			<string>KJViewController.m</string>
			<key>sourceTree</key>
			<string>&lt;group&gt;</string>
		</dict>
		<key>8EB57C351911FF90001D115E</key>
		<dict>
			<key>fileRef</key>
			<string>8EB57C341911FF90001D115E</string>
			<key>isa</key>
			<string>PBXBuildFile</string>
		</dict>
		<key>8EB57C361911FF90001D115E</key>
		<dict>
			<key>isa</key>
			<string>PBXFileReference</string>
			<key>lastKnownFileType</key>
			<string>folder.assetcatalog</string>
			<key>path</key>
			<string>Images.xcassets</string>
			<key>sourceTree</key>
			<string>&lt;group&gt;</string>
		</dict>
		<key>8EB57C371911FF90001D115E</key>
		<dict>
			<key>fileRef</key>
			<string>8EB57C361911FF90001D115E</string>
			<key>isa</key>
			<string>PBXBuildFile</string>
		</dict>
		<key>8EB57C381911FF90001D115E</key>
		<dict>
			<key>buildActionMask</key>
			<string>2147483647</string>
			<key>files</key>
			<array>
				<string>8EB57C4A1911FF90001D115E</string>
			</array>
			<key>isa</key>
			<string>PBXSourcesBuildPhase</string>
			<key>runOnlyForDeploymentPostprocessing</key>
			<string>0</string>
		</dict>
		<key>8EB57C391911FF90001D115E</key>
		<dict>
			<key>buildActionMask</key>
			<string>2147483647</string>
			<key>files</key>
			<array>
				<string>8EB57C3E1911FF90001D115E</string>
				<string>8EB57C401911FF90001D115E</string>
				<string>8EB57C3F1911FF90001D115E</string>
			</array>
			<key>isa</key>
			<string>PBXFrameworksBuildPhase</string>
			<key>runOnlyForDeploymentPostprocessing</key>
			<string>0</string>
		</dict>
		<key>8EB57C3A1911FF90001D115E</key>
		<dict>
			<key>buildActionMask</key>
			<string>2147483647</string>
			<key>files</key>
			<array>
				<string>8EB57C481911FF90001D115E</string>
			</array>
			<key>isa</key>
			<string>PBXResourcesBuildPhase</string>
			<key>runOnlyForDeploymentPostprocessing</key>
			<string>0</string>
		</dict>
		<key>8EB57C3B1911FF90001D115E</key>
		<dict>
			<key>buildConfigurationList</key>
			<string>8EB57C501911FF90001D115E</string>
			<key>buildPhases</key>
			<array>
				<string>8EB57C381911FF90001D115E</string>
				<string>8EB57C391911FF90001D115E</string>
				<string>8EB57C3A1911FF90001D115E</string>
			</array>
			<key>buildRules</key>
			<array/>
			<key>dependencies</key>
			<array>
				<string>8EB57C421911FF90001D115E</string>
			</array>
			<key>isa</key>
			<string>PBXNativeTarget</string>
			<key>name</key>
			<string>KanjoTests</string>
			<key>productName</key>
			<string>KanjoTests</string>
			<key>productReference</key>
			<string>8EB57C3C1911FF90001D115E</string>
			<key>productType</key>
			<string>com.apple.product-type.bundle.unit-test</string>
		</dict>
		<key>8EB57C3C1911FF90001D115E</key>
		<dict>
			<key>explicitFileType</key>
			<string>wrapper.cfbundle</string>
			<key>includeInIndex</key>
			<string>0</string>
			<key>isa</key>
			<string>PBXFileReference</string>
			<key>path</key>
			<string>KanjoTests.xctest</string>
			<key>sourceTree</key>
			<string>BUILT_PRODUCTS_DIR</string>
		</dict>
		<key>8EB57C3D1911FF90001D115E</key>
		<dict>
			<key>isa</key>
			<string>PBXFileReference</string>
			<key>lastKnownFileType</key>
			<string>wrapper.framework</string>
			<key>name</key>
			<string>XCTest.framework</string>
			<key>path</key>
			<string>Library/Frameworks/XCTest.framework</string>
			<key>sourceTree</key>
			<string>DEVELOPER_DIR</string>
		</dict>
		<key>8EB57C3E1911FF90001D115E</key>
		<dict>
			<key>fileRef</key>
			<string>8EB57C3D1911FF90001D115E</string>
			<key>isa</key>
			<string>PBXBuildFile</string>
		</dict>
		<key>8EB57C3F1911FF90001D115E</key>
		<dict>
			<key>fileRef</key>
			<string>8EB57C1E1911FF90001D115E</string>
			<key>isa</key>
			<string>PBXBuildFile</string>
		</dict>
		<key>8EB57C401911FF90001D115E</key>
		<dict>
			<key>fileRef</key>
			<string>8EB57C221911FF90001D115E</string>
			<key>isa</key>
			<string>PBXBuildFile</string>
		</dict>
		<key>8EB57C411911FF90001D115E</key>
		<dict>
			<key>containerPortal</key>
			<string>8EB57C131911FF90001D115E</string>
			<key>isa</key>
			<string>PBXContainerItemProxy</string>
			<key>proxyType</key>
			<string>1</string>
			<key>remoteGlobalIDString</key>
			<string>8EB57C1A1911FF90001D115E</string>
			<key>remoteInfo</key>
			<string>Kanjo</string>
		</dict>
		<key>8EB57C421911FF90001D115E</key>
		<dict>
			<key>isa</key>
			<string>PBXTargetDependency</string>
			<key>target</key>
			<string>8EB57C1A1911FF90001D115E</string>
			<key>targetProxy</key>
			<string>8EB57C411911FF90001D115E</string>
		</dict>
		<key>8EB57C431911FF90001D115E</key>
		<dict>
			<key>children</key>
			<array>
				<string>8EB57C491911FF90001D115E</string>
				<string>8EB57C441911FF90001D115E</string>
			</array>
			<key>isa</key>
			<string>PBXGroup</string>
			<key>path</key>
			<string>KanjoTests</string>
			<key>sourceTree</key>
			<string>&lt;group&gt;</string>
		</dict>
		<key>8EB57C441911FF90001D115E</key>
		<dict>
			<key>children</key>
			<array>
				<string>8EB57C451911FF90001D115E</string>
				<string>8EB57C461911FF90001D115E</string>
			</array>
			<key>isa</key>
			<string>PBXGroup</string>
			<key>name</key>
			<string>Supporting Files</string>
			<key>sourceTree</key>
			<string>&lt;group&gt;</string>
		</dict>
		<key>8EB57C451911FF90001D115E</key>
		<dict>
			<key>isa</key>
			<string>PBXFileReference</string>
			<key>lastKnownFileType</key>
			<string>text.plist.xml</string>
			<key>path</key>
			<string>KanjoTests-Info.plist</string>
			<key>sourceTree</key>
			<string>&lt;group&gt;</string>
		</dict>
		<key>8EB57C461911FF90001D115E</key>
		<dict>
			<key>children</key>
			<array>
				<string>8EB57C471911FF90001D115E</string>
			</array>
			<key>isa</key>
			<string>PBXVariantGroup</string>
			<key>name</key>
			<string>InfoPlist.strings</string>
			<key>sourceTree</key>
			<string>&lt;group&gt;</string>
		</dict>
		<key>8EB57C471911FF90001D115E</key>
		<dict>
			<key>isa</key>
			<string>PBXFileReference</string>
			<key>lastKnownFileType</key>
			<string>text.plist.strings</string>
			<key>name</key>
			<string>en</string>
			<key>path</key>
			<string>en.lproj/InfoPlist.strings</string>
			<key>sourceTree</key>
			<string>&lt;group&gt;</string>
		</dict>
		<key>8EB57C481911FF90001D115E</key>
		<dict>
			<key>fileRef</key>
			<string>8EB57C461911FF90001D115E</string>
			<key>isa</key>
			<string>PBXBuildFile</string>
		</dict>
		<key>8EB57C491911FF90001D115E</key>
		<dict>
			<key>isa</key>
			<string>PBXFileReference</string>
			<key>lastKnownFileType</key>
			<string>sourcecode.c.objc</string>
			<key>path</key>
			<string>KanjoTests.m</string>
			<key>sourceTree</key>
			<string>&lt;group&gt;</string>
		</dict>
		<key>8EB57C4A1911FF90001D115E</key>
		<dict>
			<key>fileRef</key>
			<string>8EB57C491911FF90001D115E</string>
			<key>isa</key>
			<string>PBXBuildFile</string>
		</dict>
		<key>8EB57C4B1911FF90001D115E</key>
		<dict>
			<key>buildSettings</key>
			<dict>
				<key>ALWAYS_SEARCH_USER_PATHS</key>
				<string>NO</string>
				<key>CLANG_CXX_LANGUAGE_STANDARD</key>
				<string>gnu++0x</string>
				<key>CLANG_CXX_LIBRARY</key>
				<string>libc++</string>
				<key>CLANG_ENABLE_MODULES</key>
				<string>YES</string>
				<key>CLANG_ENABLE_OBJC_ARC</key>
				<string>YES</string>
				<key>CLANG_WARN_BOOL_CONVERSION</key>
				<string>YES</string>
				<key>CLANG_WARN_CONSTANT_CONVERSION</key>
				<string>YES</string>
				<key>CLANG_WARN_DIRECT_OBJC_ISA_USAGE</key>
				<string>YES_ERROR</string>
				<key>CLANG_WARN_EMPTY_BODY</key>
				<string>YES</string>
				<key>CLANG_WARN_ENUM_CONVERSION</key>
				<string>YES</string>
				<key>CLANG_WARN_INT_CONVERSION</key>
				<string>YES</string>
				<key>CLANG_WARN_OBJC_ROOT_CLASS</key>
				<string>YES_ERROR</string>
				<key>CLANG_WARN__DUPLICATE_METHOD_MATCH</key>
				<string>YES</string>
				<key>CODE_SIGN_IDENTITY[sdk=iphoneos*]</key>
				<string>iPhone Developer</string>
				<key>COPY_PHASE_STRIP</key>
				<string>NO</string>
				<key>GCC_C_LANGUAGE_STANDARD</key>
				<string>gnu99</string>
				<key>GCC_DYNAMIC_NO_PIC</key>
				<string>NO</string>
				<key>GCC_OPTIMIZATION_LEVEL</key>
				<string>0</string>
				<key>GCC_PREPROCESSOR_DEFINITIONS</key>
				<array>
					<string>DEBUG=1</string>
					<string>$(inherited)</string>
				</array>
				<key>GCC_SYMBOLS_PRIVATE_EXTERN</key>
				<string>NO</string>
				<key>GCC_WARN_64_TO_32_BIT_CONVERSION</key>
				<string>YES</string>
				<key>GCC_WARN_ABOUT_RETURN_TYPE</key>
				<string>YES_ERROR</string>
				<key>GCC_WARN_UNDECLARED_SELECTOR</key>
				<string>YES</string>
				<key>GCC_WARN_UNINITIALIZED_AUTOS</key>
				<string>YES_AGGRESSIVE</string>
				<key>GCC_WARN_UNUSED_FUNCTION</key>
				<string>YES</string>
				<key>GCC_WARN_UNUSED_VARIABLE</key>
				<string>YES</string>
				<key>IPHONEOS_DEPLOYMENT_TARGET</key>
				<string>7.1</string>
				<key>ONLY_ACTIVE_ARCH</key>
				<string>YES</string>
				<key>SDKROOT</key>
				<string>iphoneos</string>
			</dict>
			<key>isa</key>
			<string>XCBuildConfiguration</string>
			<key>name</key>
			<string>Debug</string>
		</dict>
		<key>8EB57C4C1911FF90001D115E</key>
		<dict>
			<key>buildSettings</key>
			<dict>
				<key>ALWAYS_SEARCH_USER_PATHS</key>
				<string>NO</string>
				<key>CLANG_CXX_LANGUAGE_STANDARD</key>
				<string>gnu++0x</string>
				<key>CLANG_CXX_LIBRARY</key>
				<string>libc++</string>
				<key>CLANG_ENABLE_MODULES</key>
				<string>YES</string>
				<key>CLANG_ENABLE_OBJC_ARC</key>
				<string>YES</string>
				<key>CLANG_WARN_BOOL_CONVERSION</key>
				<string>YES</string>
				<key>CLANG_WARN_CONSTANT_CONVERSION</key>
				<string>YES</string>
				<key>CLANG_WARN_DIRECT_OBJC_ISA_USAGE</key>
				<string>YES_ERROR</string>
				<key>CLANG_WARN_EMPTY_BODY</key>
				<string>YES</string>
				<key>CLANG_WARN_ENUM_CONVERSION</key>
				<string>YES</string>
				<key>CLANG_WARN_INT_CONVERSION</key>
				<string>YES</string>
				<key>CLANG_WARN_OBJC_ROOT_CLASS</key>
				<string>YES_ERROR</string>
				<key>CLANG_WARN__DUPLICATE_METHOD_MATCH</key>
				<string>YES</string>
				<key>CODE_SIGN_IDENTITY[sdk=iphoneos*]</key>
				<string>iPhone Developer</string>
				<key>COPY_PHASE_STRIP</key>
				<string>YES</string>
				<key>ENABLE_NS_ASSERTIONS</key>
				<string>NO</string>
				<key>GCC_C_LANGUAGE_STANDARD</key>
				<string>gnu99</string>
				<key>GCC_WARN_64_TO_32_BIT_CONVERSION</key>
				<string>YES</string>
				<key>GCC_WARN_ABOUT_RETURN_TYPE</key>
				<string>YES_ERROR</string>
				<key>GCC_WARN_UNDECLARED_SELECTOR</key>
				<string>YES</string>
				<key>GCC_WARN_UNINITIALIZED_AUTOS</key>
				<string>YES_AGGRESSIVE</string>
				<key>GCC_WARN_UNUSED_FUNCTION</key>
				<string>YES</string>
				<key>GCC_WARN_UNUSED_VARIABLE</key>
				<string>YES</string>
				<key>IPHONEOS_DEPLOYMENT_TARGET</key>
				<string>7.1</string>
				<key>SDKROOT</key>
				<string>iphoneos</string>
				<key>VALIDATE_PRODUCT</key>
				<string>YES</string>
			</dict>
			<key>isa</key>
			<string>XCBuildConfiguration</string>
			<key>name</key>
			<string>Release</string>
		</dict>
		<key>8EB57C4D1911FF90001D115E</key>
		<dict>
			<key>buildConfigurations</key>
			<array>
				<string>8EB57C4E1911FF90001D115E</string>
				<string>8EB57C4F1911FF90001D115E</string>
			</array>
			<key>defaultConfigurationIsVisible</key>
			<string>0</string>
			<key>isa</key>
			<string>XCConfigurationList</string>
		</dict>
		<key>8EB57C4E1911FF90001D115E</key>
		<dict>
			<key>baseConfigurationReference</key>
			<string>738169B509674909A798881A</string>
			<key>buildSettings</key>
			<dict>
				<key>ASSETCATALOG_COMPILER_APPICON_NAME</key>
				<string>AppIcon</string>
				<key>ASSETCATALOG_COMPILER_LAUNCHIMAGE_NAME</key>
				<string>LaunchImage</string>
				<key>GCC_PRECOMPILE_PREFIX_HEADER</key>
				<string>YES</string>
				<key>GCC_PREFIX_HEADER</key>
				<string>Kanjo/Kanjo-Prefix.pch</string>
				<key>INFOPLIST_FILE</key>
				<string>Kanjo/Kanjo-Info.plist</string>
				<key>PRODUCT_NAME</key>
				<string>$(TARGET_NAME)</string>
				<key>WRAPPER_EXTENSION</key>
				<string>app</string>
			</dict>
			<key>isa</key>
			<string>XCBuildConfiguration</string>
			<key>name</key>
			<string>Debug</string>
		</dict>
		<key>8EB57C4F1911FF90001D115E</key>
		<dict>
			<key>baseConfigurationReference</key>
			<string>738169B509674909A798881A</string>
			<key>buildSettings</key>
			<dict>
				<key>ASSETCATALOG_COMPILER_APPICON_NAME</key>
				<string>AppIcon</string>
				<key>ASSETCATALOG_COMPILER_LAUNCHIMAGE_NAME</key>
				<string>LaunchImage</string>
				<key>GCC_PRECOMPILE_PREFIX_HEADER</key>
				<string>YES</string>
				<key>GCC_PREFIX_HEADER</key>
				<string>Kanjo/Kanjo-Prefix.pch</string>
				<key>INFOPLIST_FILE</key>
				<string>Kanjo/Kanjo-Info.plist</string>
				<key>PRODUCT_NAME</key>
				<string>$(TARGET_NAME)</string>
				<key>WRAPPER_EXTENSION</key>
				<string>app</string>
			</dict>
			<key>isa</key>
			<string>XCBuildConfiguration</string>
			<key>name</key>
			<string>Release</string>
		</dict>
		<key>8EB57C501911FF90001D115E</key>
		<dict>
			<key>buildConfigurations</key>
			<array>
				<string>8EB57C511911FF90001D115E</string>
				<string>8EB57C521911FF90001D115E</string>
			</array>
			<key>defaultConfigurationIsVisible</key>
			<string>0</string>
			<key>isa</key>
			<string>XCConfigurationList</string>
		</dict>
		<key>8EB57C511911FF90001D115E</key>
		<dict>
			<key>buildSettings</key>
			<dict>
				<key>BUNDLE_LOADER</key>
				<string>$(BUILT_PRODUCTS_DIR)/Kanjo.app/Kanjo</string>
				<key>FRAMEWORK_SEARCH_PATHS</key>
				<array>
					<string>$(SDKROOT)/Developer/Library/Frameworks</string>
					<string>$(inherited)</string>
					<string>$(DEVELOPER_FRAMEWORKS_DIR)</string>
				</array>
				<key>GCC_PRECOMPILE_PREFIX_HEADER</key>
				<string>YES</string>
				<key>GCC_PREFIX_HEADER</key>
				<string>Kanjo/Kanjo-Prefix.pch</string>
				<key>GCC_PREPROCESSOR_DEFINITIONS</key>
				<array>
					<string>DEBUG=1</string>
					<string>$(inherited)</string>
				</array>
				<key>INFOPLIST_FILE</key>
				<string>KanjoTests/KanjoTests-Info.plist</string>
				<key>PRODUCT_NAME</key>
				<string>$(TARGET_NAME)</string>
				<key>TEST_HOST</key>
				<string>$(BUNDLE_LOADER)</string>
				<key>WRAPPER_EXTENSION</key>
				<string>xctest</string>
			</dict>
			<key>isa</key>
			<string>XCBuildConfiguration</string>
			<key>name</key>
			<string>Debug</string>
		</dict>
		<key>8EB57C521911FF90001D115E</key>
		<dict>
			<key>buildSettings</key>
			<dict>
				<key>BUNDLE_LOADER</key>
				<string>$(BUILT_PRODUCTS_DIR)/Kanjo.app/Kanjo</string>
				<key>FRAMEWORK_SEARCH_PATHS</key>
				<array>
					<string>$(SDKROOT)/Developer/Library/Frameworks</string>
					<string>$(inherited)</string>
					<string>$(DEVELOPER_FRAMEWORKS_DIR)</string>
				</array>
				<key>GCC_PRECOMPILE_PREFIX_HEADER</key>
				<string>YES</string>
				<key>GCC_PREFIX_HEADER</key>
				<string>Kanjo/Kanjo-Prefix.pch</string>
				<key>INFOPLIST_FILE</key>
				<string>KanjoTests/KanjoTests-Info.plist</string>
				<key>PRODUCT_NAME</key>
				<string>$(TARGET_NAME)</string>
				<key>TEST_HOST</key>
				<string>$(BUNDLE_LOADER)</string>
				<key>WRAPPER_EXTENSION</key>
				<string>xctest</string>
			</dict>
			<key>isa</key>
			<string>XCBuildConfiguration</string>
			<key>name</key>
			<string>Release</string>
		</dict>
		<key>8EB57C53191207DD001D115E</key>
		<dict>
			<key>children</key>
			<array>
				<string>8EB57C8A19120A41001D115E</string>
				<string>8EB57C54191207EF001D115E</string>
			</array>
			<key>isa</key>
			<string>PBXGroup</string>
			<key>name</key>
			<string>Helper Classes</string>
			<key>sourceTree</key>
			<string>&lt;group&gt;</string>
		</dict>
		<key>8EB57C54191207EF001D115E</key>
		<dict>
			<key>children</key>
			<array>
				<string>8EB57C571912080C001D115E</string>
				<string>8EB57C5619120804001D115E</string>
				<string>8EB57C55191207FB001D115E</string>
			</array>
			<key>isa</key>
			<string>PBXGroup</string>
			<key>name</key>
			<string>Categories</string>
			<key>sourceTree</key>
			<string>&lt;group&gt;</string>
		</dict>
		<key>8EB57C55191207FB001D115E</key>
		<dict>
			<key>children</key>
			<array>
				<string>8EB57C5819120819001D115E</string>
				<string>8EB57C5919120819001D115E</string>
			</array>
			<key>isa</key>
			<string>PBXGroup</string>
			<key>name</key>
			<string>CALayer</string>
			<key>sourceTree</key>
			<string>&lt;group&gt;</string>
		</dict>
		<key>8EB57C5619120804001D115E</key>
		<dict>
			<key>children</key>
			<array>
				<string>8EB57C5D19120822001D115E</string>
				<string>8EB57C5E19120822001D115E</string>
			</array>
			<key>isa</key>
			<string>PBXGroup</string>
			<key>name</key>
			<string>UIColor</string>
			<key>sourceTree</key>
			<string>&lt;group&gt;</string>
		</dict>
		<key>8EB57C571912080C001D115E</key>
		<dict>
			<key>children</key>
			<array>
				<string>8EB57C6119120831001D115E</string>
				<string>8EB57C6219120831001D115E</string>
				<string>8EB57C6319120831001D115E</string>
				<string>8EB57C6419120831001D115E</string>
				<string>8EB57C6519120831001D115E</string>
				<string>8EB57C6619120831001D115E</string>
				<string>8EB57C6719120831001D115E</string>
				<string>8EB57C6819120831001D115E</string>
			</array>
			<key>isa</key>
			<string>PBXGroup</string>
			<key>name</key>
			<string>UIBezierPath</string>
			<key>sourceTree</key>
			<string>&lt;group&gt;</string>
		</dict>
		<key>8EB57C5819120819001D115E</key>
		<dict>
			<key>fileEncoding</key>
			<string>4</string>
			<key>isa</key>
			<string>PBXFileReference</string>
			<key>lastKnownFileType</key>
			<string>sourcecode.c.h</string>
			<key>path</key>
			<string>CALayer+UIHelper.h</string>
			<key>sourceTree</key>
			<string>&lt;group&gt;</string>
		</dict>
		<key>8EB57C5919120819001D115E</key>
		<dict>
			<key>fileEncoding</key>
			<string>4</string>
			<key>isa</key>
			<string>PBXFileReference</string>
			<key>lastKnownFileType</key>
			<string>sourcecode.c.objc</string>
			<key>path</key>
			<string>CALayer+UIHelper.m</string>
			<key>sourceTree</key>
			<string>&lt;group&gt;</string>
		</dict>
		<key>8EB57C5A19120819001D115E</key>
		<dict>
			<key>fileRef</key>
			<string>8EB57C5919120819001D115E</string>
			<key>isa</key>
			<string>PBXBuildFile</string>
		</dict>
		<key>8EB57C5D19120822001D115E</key>
		<dict>
			<key>fileEncoding</key>
			<string>4</string>
			<key>isa</key>
			<string>PBXFileReference</string>
			<key>lastKnownFileType</key>
			<string>sourcecode.c.h</string>
			<key>path</key>
			<string>UIColor+ColorPallete.h</string>
			<key>sourceTree</key>
			<string>&lt;group&gt;</string>
		</dict>
		<key>8EB57C5E19120822001D115E</key>
		<dict>
			<key>fileEncoding</key>
			<string>4</string>
			<key>isa</key>
			<string>PBXFileReference</string>
			<key>lastKnownFileType</key>
			<string>sourcecode.c.objc</string>
			<key>path</key>
			<string>UIColor+ColorPallete.m</string>
			<key>sourceTree</key>
			<string>&lt;group&gt;</string>
		</dict>
		<key>8EB57C6019120822001D115E</key>
		<dict>
			<key>fileRef</key>
			<string>8EB57C5E19120822001D115E</string>
			<key>isa</key>
			<string>PBXBuildFile</string>
		</dict>
		<key>8EB57C6119120831001D115E</key>
		<dict>
			<key>fileEncoding</key>
			<string>4</string>
			<key>isa</key>
			<string>PBXFileReference</string>
			<key>lastKnownFileType</key>
			<string>sourcecode.c.h</string>
			<key>path</key>
			<string>UIBezierPath-Smoothing.h</string>
			<key>sourceTree</key>
			<string>&lt;group&gt;</string>
		</dict>
		<key>8EB57C6219120831001D115E</key>
		<dict>
			<key>fileEncoding</key>
			<string>4</string>
			<key>isa</key>
			<string>PBXFileReference</string>
			<key>lastKnownFileType</key>
			<string>sourcecode.c.objc</string>
			<key>path</key>
			<string>UIBezierPath-Smoothing.m</string>
			<key>sourceTree</key>
			<string>&lt;group&gt;</string>
		</dict>
		<key>8EB57C6319120831001D115E</key>
		<dict>
			<key>fileEncoding</key>
			<string>4</string>
			<key>isa</key>
			<string>PBXFileReference</string>
			<key>lastKnownFileType</key>
			<string>sourcecode.c.h</string>
			<key>path</key>
			<string>UIBezierPath-Bounding.h</string>
			<key>sourceTree</key>
			<string>&lt;group&gt;</string>
		</dict>
		<key>8EB57C6419120831001D115E</key>
		<dict>
			<key>fileEncoding</key>
			<string>4</string>
			<key>isa</key>
			<string>PBXFileReference</string>
			<key>lastKnownFileType</key>
			<string>sourcecode.c.objc</string>
			<key>path</key>
			<string>UIBezierPath-Bounding.m</string>
			<key>sourceTree</key>
			<string>&lt;group&gt;</string>
		</dict>
		<key>8EB57C6519120831001D115E</key>
		<dict>
			<key>fileEncoding</key>
			<string>4</string>
			<key>isa</key>
			<string>PBXFileReference</string>
			<key>lastKnownFileType</key>
			<string>sourcecode.c.h</string>
			<key>path</key>
			<string>UIBezierPath-Fitting.h</string>
			<key>sourceTree</key>
			<string>&lt;group&gt;</string>
		</dict>
		<key>8EB57C6619120831001D115E</key>
		<dict>
			<key>fileEncoding</key>
			<string>4</string>
			<key>isa</key>
			<string>PBXFileReference</string>
			<key>lastKnownFileType</key>
			<string>sourcecode.c.objc</string>
			<key>path</key>
			<string>UIBezierPath-Fitting.m</string>
			<key>sourceTree</key>
			<string>&lt;group&gt;</string>
		</dict>
		<key>8EB57C6719120831001D115E</key>
		<dict>
			<key>fileEncoding</key>
			<string>4</string>
			<key>isa</key>
			<string>PBXFileReference</string>
			<key>lastKnownFileType</key>
			<string>sourcecode.c.h</string>
			<key>path</key>
			<string>UIBezierPath-Points.h</string>
			<key>sourceTree</key>
			<string>&lt;group&gt;</string>
		</dict>
		<key>8EB57C6819120831001D115E</key>
		<dict>
			<key>fileEncoding</key>
			<string>4</string>
			<key>isa</key>
			<string>PBXFileReference</string>
			<key>lastKnownFileType</key>
			<string>sourcecode.c.objc</string>
			<key>path</key>
			<string>UIBezierPath-Points.m</string>
			<key>sourceTree</key>
			<string>&lt;group&gt;</string>
		</dict>
		<key>8EB57C6919120831001D115E</key>
		<dict>
			<key>fileRef</key>
			<string>8EB57C6219120831001D115E</string>
			<key>isa</key>
			<string>PBXBuildFile</string>
		</dict>
		<key>8EB57C6A19120831001D115E</key>
		<dict>
			<key>fileRef</key>
			<string>8EB57C6419120831001D115E</string>
			<key>isa</key>
			<string>PBXBuildFile</string>
		</dict>
		<key>8EB57C6B19120831001D115E</key>
		<dict>
			<key>fileRef</key>
			<string>8EB57C6619120831001D115E</string>
			<key>isa</key>
			<string>PBXBuildFile</string>
		</dict>
		<key>8EB57C6C19120831001D115E</key>
		<dict>
			<key>fileRef</key>
			<string>8EB57C6819120831001D115E</string>
			<key>isa</key>
			<string>PBXBuildFile</string>
		</dict>
		<key>8EB57C6D1912088A001D115E</key>
		<dict>
			<key>children</key>
			<array>
				<string>8EB57C6E19120898001D115E</string>
			</array>
			<key>isa</key>
			<string>PBXGroup</string>
			<key>name</key>
			<string>Resources</string>
			<key>sourceTree</key>
			<string>&lt;group&gt;</string>
		</dict>
		<key>8EB57C6E19120898001D115E</key>
		<dict>
			<key>children</key>
			<array>
				<string>8EB57C6F191208A5001D115E</string>
				<string>8EB57C70191208A5001D115E</string>
				<string>8EB57C71191208A5001D115E</string>
				<string>8EB57C72191208A5001D115E</string>
				<string>8EB57C73191208A5001D115E</string>
				<string>8EB57C74191208A5001D115E</string>
				<string>8EB57C75191208A5001D115E</string>
				<string>8EB57C76191208A5001D115E</string>
			</array>
			<key>isa</key>
			<string>PBXGroup</string>
			<key>name</key>
			<string>Fonts</string>
			<key>sourceTree</key>
			<string>&lt;group&gt;</string>
		</dict>
		<key>8EB57C6F191208A5001D115E</key>
		<dict>
			<key>isa</key>
			<string>PBXFileReference</string>
			<key>lastKnownFileType</key>
			<string>file</string>
			<key>path</key>
			<string>ProximaNova-Black.otf</string>
			<key>sourceTree</key>
			<string>&lt;group&gt;</string>
		</dict>
		<key>8EB57C70191208A5001D115E</key>
		<dict>
			<key>isa</key>
			<string>PBXFileReference</string>
			<key>lastKnownFileType</key>
			<string>file</string>
			<key>path</key>
			<string>ProximaNova-Bold.otf</string>
			<key>sourceTree</key>
			<string>&lt;group&gt;</string>
		</dict>
		<key>8EB57C71191208A5001D115E</key>
		<dict>
			<key>isa</key>
			<string>PBXFileReference</string>
			<key>lastKnownFileType</key>
			<string>file</string>
			<key>path</key>
			<string>ProximaNova-Light.otf</string>
			<key>sourceTree</key>
			<string>&lt;group&gt;</string>
		</dict>
		<key>8EB57C72191208A5001D115E</key>
		<dict>
			<key>isa</key>
			<string>PBXFileReference</string>
			<key>lastKnownFileType</key>
			<string>file</string>
			<key>path</key>
			<string>ProximaNova-Regular.otf</string>
			<key>sourceTree</key>
			<string>&lt;group&gt;</string>
		</dict>
		<key>8EB57C73191208A5001D115E</key>
		<dict>
			<key>isa</key>
			<string>PBXFileReference</string>
			<key>lastKnownFileType</key>
			<string>file</string>
			<key>path</key>
			<string>ProximaNova-Semibold.otf</string>
			<key>sourceTree</key>
			<string>&lt;group&gt;</string>
		</dict>
		<key>8EB57C74191208A5001D115E</key>
		<dict>
			<key>isa</key>
			<string>PBXFileReference</string>
			<key>lastKnownFileType</key>
			<string>file</string>
			<key>path</key>
			<string>ProximaNovaCond-Light.otf</string>
			<key>sourceTree</key>
			<string>&lt;group&gt;</string>
		</dict>
		<key>8EB57C75191208A5001D115E</key>
		<dict>
			<key>isa</key>
			<string>PBXFileReference</string>
			<key>lastKnownFileType</key>
			<string>file</string>
			<key>path</key>
			<string>ProximaNovaCond-Regular.otf</string>
			<key>sourceTree</key>
			<string>&lt;group&gt;</string>
		</dict>
		<key>8EB57C76191208A5001D115E</key>
		<dict>
			<key>isa</key>
			<string>PBXFileReference</string>
			<key>lastKnownFileType</key>
			<string>file</string>
			<key>path</key>
			<string>ProximaNovaCond-Semibold.otf</string>
			<key>sourceTree</key>
			<string>&lt;group&gt;</string>
		</dict>
		<key>8EB57C77191208A5001D115E</key>
		<dict>
			<key>fileRef</key>
			<string>8EB57C6F191208A5001D115E</string>
			<key>isa</key>
			<string>PBXBuildFile</string>
		</dict>
		<key>8EB57C78191208A5001D115E</key>
		<dict>
			<key>fileRef</key>
			<string>8EB57C70191208A5001D115E</string>
			<key>isa</key>
			<string>PBXBuildFile</string>
		</dict>
		<key>8EB57C79191208A5001D115E</key>
		<dict>
			<key>fileRef</key>
			<string>8EB57C71191208A5001D115E</string>
			<key>isa</key>
			<string>PBXBuildFile</string>
		</dict>
		<key>8EB57C7A191208A5001D115E</key>
		<dict>
			<key>fileRef</key>
			<string>8EB57C72191208A5001D115E</string>
			<key>isa</key>
			<string>PBXBuildFile</string>
		</dict>
		<key>8EB57C7B191208A5001D115E</key>
		<dict>
			<key>fileRef</key>
			<string>8EB57C73191208A5001D115E</string>
			<key>isa</key>
			<string>PBXBuildFile</string>
		</dict>
		<key>8EB57C7C191208A5001D115E</key>
		<dict>
			<key>fileRef</key>
			<string>8EB57C74191208A5001D115E</string>
			<key>isa</key>
			<string>PBXBuildFile</string>
		</dict>
		<key>8EB57C7D191208A5001D115E</key>
		<dict>
			<key>fileRef</key>
			<string>8EB57C75191208A5001D115E</string>
			<key>isa</key>
			<string>PBXBuildFile</string>
		</dict>
		<key>8EB57C7E191208A5001D115E</key>
		<dict>
			<key>fileRef</key>
			<string>8EB57C76191208A5001D115E</string>
			<key>isa</key>
			<string>PBXBuildFile</string>
		</dict>
		<key>8EB57C7F191209A1001D115E</key>
		<dict>
			<key>fileEncoding</key>
			<string>4</string>
			<key>isa</key>
			<string>PBXFileReference</string>
			<key>lastKnownFileType</key>
			<string>sourcecode.c.h</string>
			<key>path</key>
			<string>KJNavBar.h</string>
			<key>sourceTree</key>
			<string>&lt;group&gt;</string>
		</dict>
		<key>8EB57C80191209A1001D115E</key>
		<dict>
			<key>fileEncoding</key>
			<string>4</string>
			<key>isa</key>
			<string>PBXFileReference</string>
			<key>lastKnownFileType</key>
			<string>sourcecode.c.objc</string>
			<key>path</key>
			<string>KJNavBar.m</string>
			<key>sourceTree</key>
			<string>&lt;group&gt;</string>
		</dict>
		<key>8EB57C81191209A1001D115E</key>
		<dict>
			<key>fileRef</key>
			<string>8EB57C80191209A1001D115E</string>
			<key>isa</key>
			<string>PBXBuildFile</string>
		</dict>
		<key>8EB57C82191209A7001D115E</key>
		<dict>
			<key>children</key>
			<array>
				<string>8EB57C8719120A21001D115E</string>
				<string>8EB57C8819120A21001D115E</string>
				<string>8EB57C7F191209A1001D115E</string>
				<string>8EB57C80191209A1001D115E</string>
				<string>8EB57C83191209D6001D115E</string>
				<string>8EB57C84191209D6001D115E</string>
			</array>
			<key>isa</key>
			<string>PBXGroup</string>
			<key>name</key>
			<string>Navigation Controller</string>
			<key>sourceTree</key>
			<string>&lt;group&gt;</string>
		</dict>
		<key>8EB57C83191209D6001D115E</key>
		<dict>
			<key>fileEncoding</key>
			<string>4</string>
			<key>isa</key>
			<string>PBXFileReference</string>
			<key>lastKnownFileType</key>
			<string>sourcecode.c.h</string>
			<key>path</key>
			<string>KJNavigationController.h</string>
			<key>sourceTree</key>
			<string>&lt;group&gt;</string>
		</dict>
		<key>8EB57C84191209D6001D115E</key>
		<dict>
			<key>fileEncoding</key>
			<string>4</string>
			<key>isa</key>
			<string>PBXFileReference</string>
			<key>lastKnownFileType</key>
			<string>sourcecode.c.objc</string>
			<key>path</key>
			<string>KJNavigationController.m</string>
			<key>sourceTree</key>
			<string>&lt;group&gt;</string>
		</dict>
		<key>8EB57C85191209D6001D115E</key>
		<dict>
			<key>fileRef</key>
			<string>8EB57C84191209D6001D115E</string>
			<key>isa</key>
			<string>PBXBuildFile</string>
		</dict>
		<key>8EB57C8719120A21001D115E</key>
		<dict>
			<key>fileEncoding</key>
			<string>4</string>
			<key>isa</key>
			<string>PBXFileReference</string>
			<key>lastKnownFileType</key>
			<string>sourcecode.c.h</string>
			<key>path</key>
			<string>CameraCaptureManager.h</string>
			<key>sourceTree</key>
			<string>&lt;group&gt;</string>
		</dict>
		<key>8EB57C8819120A21001D115E</key>
		<dict>
			<key>fileEncoding</key>
			<string>4</string>
			<key>isa</key>
			<string>PBXFileReference</string>
			<key>lastKnownFileType</key>
			<string>sourcecode.c.objc</string>
			<key>path</key>
			<string>CameraCaptureManager.m</string>
			<key>sourceTree</key>
			<string>&lt;group&gt;</string>
		</dict>
		<key>8EB57C8919120A21001D115E</key>
		<dict>
			<key>fileRef</key>
			<string>8EB57C8819120A21001D115E</string>
			<key>isa</key>
			<string>PBXBuildFile</string>
		</dict>
		<key>8EB57C8A19120A41001D115E</key>
		<dict>
			<key>children</key>
			<array>
				<string>8EB57C8B19120A51001D115E</string>
				<string>8EB57C8C19120A51001D115E</string>
			</array>
			<key>isa</key>
			<string>PBXGroup</string>
			<key>name</key>
			<string>FXLabel</string>
			<key>sourceTree</key>
			<string>&lt;group&gt;</string>
		</dict>
		<key>8EB57C8B19120A51001D115E</key>
		<dict>
			<key>fileEncoding</key>
			<string>4</string>
			<key>isa</key>
			<string>PBXFileReference</string>
			<key>lastKnownFileType</key>
			<string>sourcecode.c.h</string>
			<key>path</key>
			<string>FXLabel.h</string>
			<key>sourceTree</key>
			<string>&lt;group&gt;</string>
		</dict>
		<key>8EB57C8C19120A51001D115E</key>
		<dict>
			<key>fileEncoding</key>
			<string>4</string>
			<key>isa</key>
			<string>PBXFileReference</string>
			<key>lastKnownFileType</key>
			<string>sourcecode.c.objc</string>
			<key>path</key>
			<string>FXLabel.m</string>
			<key>sourceTree</key>
			<string>&lt;group&gt;</string>
		</dict>
		<key>8EB57C8D19120A51001D115E</key>
		<dict>
			<key>fileRef</key>
			<string>8EB57C8C19120A51001D115E</string>
			<key>isa</key>
			<string>PBXBuildFile</string>
		</dict>
		<key>FB6D22833BCC4867AC16B74A</key>
		<dict>
			<key>explicitFileType</key>
			<string>archive.ar</string>
			<key>includeInIndex</key>
			<string>0</string>
			<key>isa</key>
			<string>PBXFileReference</string>
			<key>path</key>
			<string>libPods.a</string>
			<key>sourceTree</key>
			<string>BUILT_PRODUCTS_DIR</string>
		</dict>
	</dict>
	<key>rootObject</key>
	<string>8EB57C131911FF90001D115E</string>
</dict>
</plist>
