// !$*UTF8*$!
{
	archiveVersion = 1;
	classes = {
	};
	objectVersion = 46;
	objects = {

/* Begin PBXBuildFile section */
		67227D084C1248AAB3636012 /* libPods.a in Frameworks */ = {isa = PBXBuildFile; fileRef = FB6D22833BCC4867AC16B74A /* libPods.a */; };
		8E33229D1916CF4E00A6E72B /* KJCaptureController.m in Sources */ = {isa = PBXBuildFile; fileRef = 8E33229C1916CF4E00A6E72B /* KJCaptureController.m */; };
		8E3322A21916D11500A6E72B /* FaceCaptureAnimator.m in Sources */ = {isa = PBXBuildFile; fileRef = 8E3322A11916D11500A6E72B /* FaceCaptureAnimator.m */; };
		8E3322A61917000100A6E72B /* KJFaceView.m in Sources */ = {isa = PBXBuildFile; fileRef = 8E3322A51917000100A6E72B /* KJFaceView.m */; };
		8EB57C1F1911FF90001D115E /* Foundation.framework in Frameworks */ = {isa = PBXBuildFile; fileRef = 8EB57C1E1911FF90001D115E /* Foundation.framework */; };
		8EB57C211911FF90001D115E /* CoreGraphics.framework in Frameworks */ = {isa = PBXBuildFile; fileRef = 8EB57C201911FF90001D115E /* CoreGraphics.framework */; };
		8EB57C231911FF90001D115E /* UIKit.framework in Frameworks */ = {isa = PBXBuildFile; fileRef = 8EB57C221911FF90001D115E /* UIKit.framework */; };
		8EB57C291911FF90001D115E /* InfoPlist.strings in Resources */ = {isa = PBXBuildFile; fileRef = 8EB57C271911FF90001D115E /* InfoPlist.strings */; };
		8EB57C2B1911FF90001D115E /* main.m in Sources */ = {isa = PBXBuildFile; fileRef = 8EB57C2A1911FF90001D115E /* main.m */; };
		8EB57C2F1911FF90001D115E /* KJAppDelegate.m in Sources */ = {isa = PBXBuildFile; fileRef = 8EB57C2E1911FF90001D115E /* KJAppDelegate.m */; };
		8EB57C321911FF90001D115E /* Main.storyboard in Resources */ = {isa = PBXBuildFile; fileRef = 8EB57C301911FF90001D115E /* Main.storyboard */; };
		8EB57C351911FF90001D115E /* KJMainController.m in Sources */ = {isa = PBXBuildFile; fileRef = 8EB57C341911FF90001D115E /* KJMainController.m */; };
		8EB57C371911FF90001D115E /* Images.xcassets in Resources */ = {isa = PBXBuildFile; fileRef = 8EB57C361911FF90001D115E /* Images.xcassets */; };
		8EB57C3E1911FF90001D115E /* XCTest.framework in Frameworks */ = {isa = PBXBuildFile; fileRef = 8EB57C3D1911FF90001D115E /* XCTest.framework */; };
		8EB57C3F1911FF90001D115E /* Foundation.framework in Frameworks */ = {isa = PBXBuildFile; fileRef = 8EB57C1E1911FF90001D115E /* Foundation.framework */; };
		8EB57C401911FF90001D115E /* UIKit.framework in Frameworks */ = {isa = PBXBuildFile; fileRef = 8EB57C221911FF90001D115E /* UIKit.framework */; };
		8EB57C481911FF90001D115E /* InfoPlist.strings in Resources */ = {isa = PBXBuildFile; fileRef = 8EB57C461911FF90001D115E /* InfoPlist.strings */; };
		8EB57C4A1911FF90001D115E /* KanjoTests.m in Sources */ = {isa = PBXBuildFile; fileRef = 8EB57C491911FF90001D115E /* KanjoTests.m */; };
		8EB57C5A19120819001D115E /* CALayer+UIHelper.m in Sources */ = {isa = PBXBuildFile; fileRef = 8EB57C5919120819001D115E /* CALayer+UIHelper.m */; };
		8EB57C6019120822001D115E /* UIColor+ColorPallete.m in Sources */ = {isa = PBXBuildFile; fileRef = 8EB57C5E19120822001D115E /* UIColor+ColorPallete.m */; };
		8EB57C6919120831001D115E /* UIBezierPath-Smoothing.m in Sources */ = {isa = PBXBuildFile; fileRef = 8EB57C6219120831001D115E /* UIBezierPath-Smoothing.m */; };
		8EB57C6A19120831001D115E /* UIBezierPath-Bounding.m in Sources */ = {isa = PBXBuildFile; fileRef = 8EB57C6419120831001D115E /* UIBezierPath-Bounding.m */; };
		8EB57C6B19120831001D115E /* UIBezierPath-Fitting.m in Sources */ = {isa = PBXBuildFile; fileRef = 8EB57C6619120831001D115E /* UIBezierPath-Fitting.m */; };
		8EB57C6C19120831001D115E /* UIBezierPath-Points.m in Sources */ = {isa = PBXBuildFile; fileRef = 8EB57C6819120831001D115E /* UIBezierPath-Points.m */; };
		8EB57C77191208A5001D115E /* ProximaNova-Black.otf in Resources */ = {isa = PBXBuildFile; fileRef = 8EB57C6F191208A5001D115E /* ProximaNova-Black.otf */; };
		8EB57C78191208A5001D115E /* ProximaNova-Bold.otf in Resources */ = {isa = PBXBuildFile; fileRef = 8EB57C70191208A5001D115E /* ProximaNova-Bold.otf */; };
		8EB57C79191208A5001D115E /* ProximaNova-Light.otf in Resources */ = {isa = PBXBuildFile; fileRef = 8EB57C71191208A5001D115E /* ProximaNova-Light.otf */; };
		8EB57C7A191208A5001D115E /* ProximaNova-Regular.otf in Resources */ = {isa = PBXBuildFile; fileRef = 8EB57C72191208A5001D115E /* ProximaNova-Regular.otf */; };
		8EB57C7B191208A5001D115E /* ProximaNova-Semibold.otf in Resources */ = {isa = PBXBuildFile; fileRef = 8EB57C73191208A5001D115E /* ProximaNova-Semibold.otf */; };
		8EB57C7C191208A5001D115E /* ProximaNovaCond-Light.otf in Resources */ = {isa = PBXBuildFile; fileRef = 8EB57C74191208A5001D115E /* ProximaNovaCond-Light.otf */; };
		8EB57C7D191208A5001D115E /* ProximaNovaCond-Regular.otf in Resources */ = {isa = PBXBuildFile; fileRef = 8EB57C75191208A5001D115E /* ProximaNovaCond-Regular.otf */; };
		8EB57C7E191208A5001D115E /* ProximaNovaCond-Semibold.otf in Resources */ = {isa = PBXBuildFile; fileRef = 8EB57C76191208A5001D115E /* ProximaNovaCond-Semibold.otf */; };
		8EB57C81191209A1001D115E /* KJNavBar.m in Sources */ = {isa = PBXBuildFile; fileRef = 8EB57C80191209A1001D115E /* KJNavBar.m */; };
		8EB57C85191209D6001D115E /* KJNavigationController.m in Sources */ = {isa = PBXBuildFile; fileRef = 8EB57C84191209D6001D115E /* KJNavigationController.m */; };
		8EB57C8919120A21001D115E /* CameraCaptureManager.m in Sources */ = {isa = PBXBuildFile; fileRef = 8EB57C8819120A21001D115E /* CameraCaptureManager.m */; };
/* End PBXBuildFile section */

/* Begin PBXContainerItemProxy section */
		8EB57C411911FF90001D115E /* PBXContainerItemProxy */ = {
			isa = PBXContainerItemProxy;
			containerPortal = 8EB57C131911FF90001D115E /* Project object */;
			proxyType = 1;
			remoteGlobalIDString = 8EB57C1A1911FF90001D115E;
			remoteInfo = Kanjo;
		};
/* End PBXContainerItemProxy section */

/* Begin PBXFileReference section */
		738169B509674909A798881A /* Pods.xcconfig */ = {isa = PBXFileReference; includeInIndex = 1; lastKnownFileType = text.xcconfig; name = Pods.xcconfig; path = Pods/Pods.xcconfig; sourceTree = "<group>"; };
		8E33229B1916CF4E00A6E72B /* KJCaptureController.h */ = {isa = PBXFileReference; fileEncoding = 4; lastKnownFileType = sourcecode.c.h; path = KJCaptureController.h; sourceTree = "<group>"; };
		8E33229C1916CF4E00A6E72B /* KJCaptureController.m */ = {isa = PBXFileReference; fileEncoding = 4; lastKnownFileType = sourcecode.c.objc; path = KJCaptureController.m; sourceTree = "<group>"; };
		8E3322A01916D11500A6E72B /* FaceCaptureAnimator.h */ = {isa = PBXFileReference; fileEncoding = 4; lastKnownFileType = sourcecode.c.h; path = FaceCaptureAnimator.h; sourceTree = "<group>"; };
		8E3322A11916D11500A6E72B /* FaceCaptureAnimator.m */ = {isa = PBXFileReference; fileEncoding = 4; lastKnownFileType = sourcecode.c.objc; path = FaceCaptureAnimator.m; sourceTree = "<group>"; };
		8E3322A41917000100A6E72B /* KJFaceView.h */ = {isa = PBXFileReference; fileEncoding = 4; lastKnownFileType = sourcecode.c.h; path = KJFaceView.h; sourceTree = "<group>"; };
		8E3322A51917000100A6E72B /* KJFaceView.m */ = {isa = PBXFileReference; fileEncoding = 4; lastKnownFileType = sourcecode.c.objc; path = KJFaceView.m; sourceTree = "<group>"; };
		8EB57C1B1911FF90001D115E /* Kanjo.app */ = {isa = PBXFileReference; explicitFileType = wrapper.application; includeInIndex = 0; path = Kanjo.app; sourceTree = BUILT_PRODUCTS_DIR; };
		8EB57C1E1911FF90001D115E /* Foundation.framework */ = {isa = PBXFileReference; lastKnownFileType = wrapper.framework; name = Foundation.framework; path = System/Library/Frameworks/Foundation.framework; sourceTree = SDKROOT; };
		8EB57C201911FF90001D115E /* CoreGraphics.framework */ = {isa = PBXFileReference; lastKnownFileType = wrapper.framework; name = CoreGraphics.framework; path = System/Library/Frameworks/CoreGraphics.framework; sourceTree = SDKROOT; };
		8EB57C221911FF90001D115E /* UIKit.framework */ = {isa = PBXFileReference; lastKnownFileType = wrapper.framework; name = UIKit.framework; path = System/Library/Frameworks/UIKit.framework; sourceTree = SDKROOT; };
		8EB57C261911FF90001D115E /* Kanjo-Info.plist */ = {isa = PBXFileReference; lastKnownFileType = text.plist.xml; path = "Kanjo-Info.plist"; sourceTree = "<group>"; };
		8EB57C281911FF90001D115E /* en */ = {isa = PBXFileReference; lastKnownFileType = text.plist.strings; name = en; path = en.lproj/InfoPlist.strings; sourceTree = "<group>"; };
		8EB57C2A1911FF90001D115E /* main.m */ = {isa = PBXFileReference; lastKnownFileType = sourcecode.c.objc; path = main.m; sourceTree = "<group>"; };
		8EB57C2C1911FF90001D115E /* Kanjo-Prefix.pch */ = {isa = PBXFileReference; lastKnownFileType = sourcecode.c.h; path = "Kanjo-Prefix.pch"; sourceTree = "<group>"; };
		8EB57C2D1911FF90001D115E /* KJAppDelegate.h */ = {isa = PBXFileReference; lastKnownFileType = sourcecode.c.h; path = KJAppDelegate.h; sourceTree = "<group>"; };
		8EB57C2E1911FF90001D115E /* KJAppDelegate.m */ = {isa = PBXFileReference; lastKnownFileType = sourcecode.c.objc; path = KJAppDelegate.m; sourceTree = "<group>"; };
		8EB57C311911FF90001D115E /* Base */ = {isa = PBXFileReference; lastKnownFileType = file.storyboard; name = Base; path = Base.lproj/Main.storyboard; sourceTree = "<group>"; };
		8EB57C331911FF90001D115E /* KJMainController.h */ = {isa = PBXFileReference; lastKnownFileType = sourcecode.c.h; path = KJMainController.h; sourceTree = "<group>"; };
		8EB57C341911FF90001D115E /* KJMainController.m */ = {isa = PBXFileReference; lastKnownFileType = sourcecode.c.objc; path = KJMainController.m; sourceTree = "<group>"; };
		8EB57C361911FF90001D115E /* Images.xcassets */ = {isa = PBXFileReference; lastKnownFileType = folder.assetcatalog; path = Images.xcassets; sourceTree = "<group>"; };
		8EB57C3C1911FF90001D115E /* KanjoTests.xctest */ = {isa = PBXFileReference; explicitFileType = wrapper.cfbundle; includeInIndex = 0; path = KanjoTests.xctest; sourceTree = BUILT_PRODUCTS_DIR; };
		8EB57C3D1911FF90001D115E /* XCTest.framework */ = {isa = PBXFileReference; lastKnownFileType = wrapper.framework; name = XCTest.framework; path = Library/Frameworks/XCTest.framework; sourceTree = DEVELOPER_DIR; };
		8EB57C451911FF90001D115E /* KanjoTests-Info.plist */ = {isa = PBXFileReference; lastKnownFileType = text.plist.xml; path = "KanjoTests-Info.plist"; sourceTree = "<group>"; };
		8EB57C471911FF90001D115E /* en */ = {isa = PBXFileReference; lastKnownFileType = text.plist.strings; name = en; path = en.lproj/InfoPlist.strings; sourceTree = "<group>"; };
		8EB57C491911FF90001D115E /* KanjoTests.m */ = {isa = PBXFileReference; lastKnownFileType = sourcecode.c.objc; path = KanjoTests.m; sourceTree = "<group>"; };
		8EB57C5819120819001D115E /* CALayer+UIHelper.h */ = {isa = PBXFileReference; fileEncoding = 4; lastKnownFileType = sourcecode.c.h; path = "CALayer+UIHelper.h"; sourceTree = "<group>"; };
		8EB57C5919120819001D115E /* CALayer+UIHelper.m */ = {isa = PBXFileReference; fileEncoding = 4; lastKnownFileType = sourcecode.c.objc; path = "CALayer+UIHelper.m"; sourceTree = "<group>"; };
		8EB57C5D19120822001D115E /* UIColor+ColorPallete.h */ = {isa = PBXFileReference; fileEncoding = 4; lastKnownFileType = sourcecode.c.h; path = "UIColor+ColorPallete.h"; sourceTree = "<group>"; };
		8EB57C5E19120822001D115E /* UIColor+ColorPallete.m */ = {isa = PBXFileReference; fileEncoding = 4; lastKnownFileType = sourcecode.c.objc; path = "UIColor+ColorPallete.m"; sourceTree = "<group>"; };
		8EB57C6119120831001D115E /* UIBezierPath-Smoothing.h */ = {isa = PBXFileReference; fileEncoding = 4; lastKnownFileType = sourcecode.c.h; path = "UIBezierPath-Smoothing.h"; sourceTree = "<group>"; };
		8EB57C6219120831001D115E /* UIBezierPath-Smoothing.m */ = {isa = PBXFileReference; fileEncoding = 4; lastKnownFileType = sourcecode.c.objc; path = "UIBezierPath-Smoothing.m"; sourceTree = "<group>"; };
		8EB57C6319120831001D115E /* UIBezierPath-Bounding.h */ = {isa = PBXFileReference; fileEncoding = 4; lastKnownFileType = sourcecode.c.h; path = "UIBezierPath-Bounding.h"; sourceTree = "<group>"; };
		8EB57C6419120831001D115E /* UIBezierPath-Bounding.m */ = {isa = PBXFileReference; fileEncoding = 4; lastKnownFileType = sourcecode.c.objc; path = "UIBezierPath-Bounding.m"; sourceTree = "<group>"; };
		8EB57C6519120831001D115E /* UIBezierPath-Fitting.h */ = {isa = PBXFileReference; fileEncoding = 4; lastKnownFileType = sourcecode.c.h; path = "UIBezierPath-Fitting.h"; sourceTree = "<group>"; };
		8EB57C6619120831001D115E /* UIBezierPath-Fitting.m */ = {isa = PBXFileReference; fileEncoding = 4; lastKnownFileType = sourcecode.c.objc; path = "UIBezierPath-Fitting.m"; sourceTree = "<group>"; };
		8EB57C6719120831001D115E /* UIBezierPath-Points.h */ = {isa = PBXFileReference; fileEncoding = 4; lastKnownFileType = sourcecode.c.h; path = "UIBezierPath-Points.h"; sourceTree = "<group>"; };
		8EB57C6819120831001D115E /* UIBezierPath-Points.m */ = {isa = PBXFileReference; fileEncoding = 4; lastKnownFileType = sourcecode.c.objc; path = "UIBezierPath-Points.m"; sourceTree = "<group>"; };
		8EB57C6F191208A5001D115E /* ProximaNova-Black.otf */ = {isa = PBXFileReference; lastKnownFileType = file; path = "ProximaNova-Black.otf"; sourceTree = "<group>"; };
		8EB57C70191208A5001D115E /* ProximaNova-Bold.otf */ = {isa = PBXFileReference; lastKnownFileType = file; path = "ProximaNova-Bold.otf"; sourceTree = "<group>"; };
		8EB57C71191208A5001D115E /* ProximaNova-Light.otf */ = {isa = PBXFileReference; lastKnownFileType = file; path = "ProximaNova-Light.otf"; sourceTree = "<group>"; };
		8EB57C72191208A5001D115E /* ProximaNova-Regular.otf */ = {isa = PBXFileReference; lastKnownFileType = file; path = "ProximaNova-Regular.otf"; sourceTree = "<group>"; };
		8EB57C73191208A5001D115E /* ProximaNova-Semibold.otf */ = {isa = PBXFileReference; lastKnownFileType = file; path = "ProximaNova-Semibold.otf"; sourceTree = "<group>"; };
		8EB57C74191208A5001D115E /* ProximaNovaCond-Light.otf */ = {isa = PBXFileReference; lastKnownFileType = file; path = "ProximaNovaCond-Light.otf"; sourceTree = "<group>"; };
		8EB57C75191208A5001D115E /* ProximaNovaCond-Regular.otf */ = {isa = PBXFileReference; lastKnownFileType = file; path = "ProximaNovaCond-Regular.otf"; sourceTree = "<group>"; };
		8EB57C76191208A5001D115E /* ProximaNovaCond-Semibold.otf */ = {isa = PBXFileReference; lastKnownFileType = file; path = "ProximaNovaCond-Semibold.otf"; sourceTree = "<group>"; };
		8EB57C7F191209A1001D115E /* KJNavBar.h */ = {isa = PBXFileReference; fileEncoding = 4; lastKnownFileType = sourcecode.c.h; path = KJNavBar.h; sourceTree = "<group>"; };
		8EB57C80191209A1001D115E /* KJNavBar.m */ = {isa = PBXFileReference; fileEncoding = 4; lastKnownFileType = sourcecode.c.objc; path = KJNavBar.m; sourceTree = "<group>"; };
		8EB57C83191209D6001D115E /* KJNavigationController.h */ = {isa = PBXFileReference; fileEncoding = 4; lastKnownFileType = sourcecode.c.h; path = KJNavigationController.h; sourceTree = "<group>"; };
		8EB57C84191209D6001D115E /* KJNavigationController.m */ = {isa = PBXFileReference; fileEncoding = 4; lastKnownFileType = sourcecode.c.objc; path = KJNavigationController.m; sourceTree = "<group>"; };
		8EB57C8719120A21001D115E /* CameraCaptureManager.h */ = {isa = PBXFileReference; fileEncoding = 4; lastKnownFileType = sourcecode.c.h; path = CameraCaptureManager.h; sourceTree = "<group>"; };
		8EB57C8819120A21001D115E /* CameraCaptureManager.m */ = {isa = PBXFileReference; fileEncoding = 4; lastKnownFileType = sourcecode.c.objc; path = CameraCaptureManager.m; sourceTree = "<group>"; };
		FB6D22833BCC4867AC16B74A /* libPods.a */ = {isa = PBXFileReference; explicitFileType = archive.ar; includeInIndex = 0; path = libPods.a; sourceTree = BUILT_PRODUCTS_DIR; };
/* End PBXFileReference section */

/* Begin PBXFrameworksBuildPhase section */
		8EB57C181911FF90001D115E /* Frameworks */ = {
			isa = PBXFrameworksBuildPhase;
			buildActionMask = 2147483647;
			files = (
				8EB57C211911FF90001D115E /* CoreGraphics.framework in Frameworks */,
				8EB57C231911FF90001D115E /* UIKit.framework in Frameworks */,
				8EB57C1F1911FF90001D115E /* Foundation.framework in Frameworks */,
				67227D084C1248AAB3636012 /* libPods.a in Frameworks */,
			);
			runOnlyForDeploymentPostprocessing = 0;
		};
		8EB57C391911FF90001D115E /* Frameworks */ = {
			isa = PBXFrameworksBuildPhase;
			buildActionMask = 2147483647;
			files = (
				8EB57C3E1911FF90001D115E /* XCTest.framework in Frameworks */,
				8EB57C401911FF90001D115E /* UIKit.framework in Frameworks */,
				8EB57C3F1911FF90001D115E /* Foundation.framework in Frameworks */,
			);
			runOnlyForDeploymentPostprocessing = 0;
		};
/* End PBXFrameworksBuildPhase section */

/* Begin PBXGroup section */
		8E33229A1916CACD00A6E72B /* Main Controller */ = {
			isa = PBXGroup;
			children = (
				8EB57C331911FF90001D115E /* KJMainController.h */,
				8EB57C341911FF90001D115E /* KJMainController.m */,
			);
			name = "Main Controller";
			sourceTree = "<group>";
		};
		8E33229E1916D08200A6E72B /* Capture Controller */ = {
			isa = PBXGroup;
			children = (
				8E33229B1916CF4E00A6E72B /* KJCaptureController.h */,
				8E33229C1916CF4E00A6E72B /* KJCaptureController.m */,
			);
			name = "Capture Controller";
			sourceTree = "<group>";
		};
		8E33229F1916D09E00A6E72B /* Transition Animators */ = {
			isa = PBXGroup;
			children = (
				8E3322A01916D11500A6E72B /* FaceCaptureAnimator.h */,
				8E3322A11916D11500A6E72B /* FaceCaptureAnimator.m */,
			);
			name = "Transition Animators";
			sourceTree = "<group>";
		};
		8E3322A31916FFE100A6E72B /* Face Shape */ = {
			isa = PBXGroup;
			children = (
				8E3322A41917000100A6E72B /* KJFaceView.h */,
				8E3322A51917000100A6E72B /* KJFaceView.m */,
			);
			name = "Face Shape";
			sourceTree = "<group>";
		};
		8EB57C121911FF90001D115E = {
			isa = PBXGroup;
			children = (
				8EB57C241911FF90001D115E /* Kanjo */,
				8EB57C431911FF90001D115E /* KanjoTests */,
				8EB57C1D1911FF90001D115E /* Frameworks */,
				8EB57C1C1911FF90001D115E /* Products */,
				738169B509674909A798881A /* Pods.xcconfig */,
			);
			sourceTree = "<group>";
		};
		8EB57C1C1911FF90001D115E /* Products */ = {
			isa = PBXGroup;
			children = (
				8EB57C1B1911FF90001D115E /* Kanjo.app */,
				8EB57C3C1911FF90001D115E /* KanjoTests.xctest */,
			);
			name = Products;
			sourceTree = "<group>";
		};
		8EB57C1D1911FF90001D115E /* Frameworks */ = {
			isa = PBXGroup;
			children = (
				8EB57C1E1911FF90001D115E /* Foundation.framework */,
				8EB57C201911FF90001D115E /* CoreGraphics.framework */,
				8EB57C221911FF90001D115E /* UIKit.framework */,
				8EB57C3D1911FF90001D115E /* XCTest.framework */,
				FB6D22833BCC4867AC16B74A /* libPods.a */,
			);
			name = Frameworks;
			sourceTree = "<group>";
		};
		8EB57C241911FF90001D115E /* Kanjo */ = {
			isa = PBXGroup;
			children = (
				8EB57C2D1911FF90001D115E /* KJAppDelegate.h */,
				8EB57C2E1911FF90001D115E /* KJAppDelegate.m */,
				8E3322A31916FFE100A6E72B /* Face Shape */,
				8EB57C82191209A7001D115E /* Navigation Controller */,
				8E33229A1916CACD00A6E72B /* Main Controller */,
				8E33229E1916D08200A6E72B /* Capture Controller */,
				8EB57C301911FF90001D115E /* Main.storyboard */,
				8EB57C361911FF90001D115E /* Images.xcassets */,
				8EB57C251911FF90001D115E /* Supporting Files */,
			);
			path = Kanjo;
			sourceTree = "<group>";
		};
		8EB57C251911FF90001D115E /* Supporting Files */ = {
			isa = PBXGroup;
			children = (
				8EB57C6D1912088A001D115E /* Resources */,
				8EB57C53191207DD001D115E /* Helper Classes */,
				8EB57C261911FF90001D115E /* Kanjo-Info.plist */,
				8EB57C271911FF90001D115E /* InfoPlist.strings */,
				8EB57C2A1911FF90001D115E /* main.m */,
				8EB57C2C1911FF90001D115E /* Kanjo-Prefix.pch */,
			);
			name = "Supporting Files";
			sourceTree = "<group>";
		};
		8EB57C431911FF90001D115E /* KanjoTests */ = {
			isa = PBXGroup;
			children = (
				8EB57C491911FF90001D115E /* KanjoTests.m */,
				8EB57C441911FF90001D115E /* Supporting Files */,
			);
			path = KanjoTests;
			sourceTree = "<group>";
		};
		8EB57C441911FF90001D115E /* Supporting Files */ = {
			isa = PBXGroup;
			children = (
				8EB57C451911FF90001D115E /* KanjoTests-Info.plist */,
				8EB57C461911FF90001D115E /* InfoPlist.strings */,
			);
			name = "Supporting Files";
			sourceTree = "<group>";
		};
		8EB57C53191207DD001D115E /* Helper Classes */ = {
			isa = PBXGroup;
			children = (
				8EB57C54191207EF001D115E /* Categories */,
			);
			name = "Helper Classes";
			sourceTree = "<group>";
		};
		8EB57C54191207EF001D115E /* Categories */ = {
			isa = PBXGroup;
			children = (
				8EB57C571912080C001D115E /* UIBezierPath */,
				8EB57C5619120804001D115E /* UIColor */,
				8EB57C55191207FB001D115E /* CALayer */,
			);
			name = Categories;
			sourceTree = "<group>";
		};
		8EB57C55191207FB001D115E /* CALayer */ = {
			isa = PBXGroup;
			children = (
				8EB57C5819120819001D115E /* CALayer+UIHelper.h */,
				8EB57C5919120819001D115E /* CALayer+UIHelper.m */,
			);
			name = CALayer;
			sourceTree = "<group>";
		};
		8EB57C5619120804001D115E /* UIColor */ = {
			isa = PBXGroup;
			children = (
				8EB57C5D19120822001D115E /* UIColor+ColorPallete.h */,
				8EB57C5E19120822001D115E /* UIColor+ColorPallete.m */,
			);
			name = UIColor;
			sourceTree = "<group>";
		};
		8EB57C571912080C001D115E /* UIBezierPath */ = {
			isa = PBXGroup;
			children = (
				8EB57C6119120831001D115E /* UIBezierPath-Smoothing.h */,
				8EB57C6219120831001D115E /* UIBezierPath-Smoothing.m */,
				8EB57C6319120831001D115E /* UIBezierPath-Bounding.h */,
				8EB57C6419120831001D115E /* UIBezierPath-Bounding.m */,
				8EB57C6519120831001D115E /* UIBezierPath-Fitting.h */,
				8EB57C6619120831001D115E /* UIBezierPath-Fitting.m */,
				8EB57C6719120831001D115E /* UIBezierPath-Points.h */,
				8EB57C6819120831001D115E /* UIBezierPath-Points.m */,
			);
			name = UIBezierPath;
			sourceTree = "<group>";
		};
		8EB57C6D1912088A001D115E /* Resources */ = {
			isa = PBXGroup;
			children = (
				8EB57C6E19120898001D115E /* Fonts */,
			);
			name = Resources;
			sourceTree = "<group>";
		};
		8EB57C6E19120898001D115E /* Fonts */ = {
			isa = PBXGroup;
			children = (
				8EB57C6F191208A5001D115E /* ProximaNova-Black.otf */,
				8EB57C70191208A5001D115E /* ProximaNova-Bold.otf */,
				8EB57C71191208A5001D115E /* ProximaNova-Light.otf */,
				8EB57C72191208A5001D115E /* ProximaNova-Regular.otf */,
				8EB57C73191208A5001D115E /* ProximaNova-Semibold.otf */,
				8EB57C74191208A5001D115E /* ProximaNovaCond-Light.otf */,
				8EB57C75191208A5001D115E /* ProximaNovaCond-Regular.otf */,
				8EB57C76191208A5001D115E /* ProximaNovaCond-Semibold.otf */,
			);
			name = Fonts;
			sourceTree = "<group>";
		};
		8EB57C82191209A7001D115E /* Navigation Controller */ = {
			isa = PBXGroup;
			children = (
				8E33229F1916D09E00A6E72B /* Transition Animators */,
				8EB57C8719120A21001D115E /* CameraCaptureManager.h */,
				8EB57C8819120A21001D115E /* CameraCaptureManager.m */,
				8EB57C7F191209A1001D115E /* KJNavBar.h */,
				8EB57C80191209A1001D115E /* KJNavBar.m */,
				8EB57C83191209D6001D115E /* KJNavigationController.h */,
				8EB57C84191209D6001D115E /* KJNavigationController.m */,
			);
			name = "Navigation Controller";
			sourceTree = "<group>";
		};
/* End PBXGroup section */

/* Begin PBXNativeTarget section */
		8EB57C1A1911FF90001D115E /* Kanjo */ = {
			isa = PBXNativeTarget;
			buildConfigurationList = 8EB57C4D1911FF90001D115E /* Build configuration list for PBXNativeTarget "Kanjo" */;
			buildPhases = (
				672FCFADD2F544C29D23B57F /* Check Pods Manifest.lock */,
				8EB57C171911FF90001D115E /* Sources */,
				8EB57C181911FF90001D115E /* Frameworks */,
				8EB57C191911FF90001D115E /* Resources */,
				746149B63A3A407287B87A35 /* Copy Pods Resources */,
			);
			buildRules = (
			);
			dependencies = (
			);
			name = Kanjo;
			productName = Kanjo;
			productReference = 8EB57C1B1911FF90001D115E /* Kanjo.app */;
			productType = "com.apple.product-type.application";
		};
		8EB57C3B1911FF90001D115E /* KanjoTests */ = {
			isa = PBXNativeTarget;
			buildConfigurationList = 8EB57C501911FF90001D115E /* Build configuration list for PBXNativeTarget "KanjoTests" */;
			buildPhases = (
				8EB57C381911FF90001D115E /* Sources */,
				8EB57C391911FF90001D115E /* Frameworks */,
				8EB57C3A1911FF90001D115E /* Resources */,
			);
			buildRules = (
			);
			dependencies = (
				8EB57C421911FF90001D115E /* PBXTargetDependency */,
			);
			name = KanjoTests;
			productName = KanjoTests;
			productReference = 8EB57C3C1911FF90001D115E /* KanjoTests.xctest */;
			productType = "com.apple.product-type.bundle.unit-test";
		};
/* End PBXNativeTarget section */

/* Begin PBXProject section */
		8EB57C131911FF90001D115E /* Project object */ = {
			isa = PBXProject;
			attributes = {
				CLASSPREFIX = KJ;
				LastUpgradeCheck = 0510;
				ORGANIZATIONNAME = "Daniel Rakhamimov";
				TargetAttributes = {
					8EB57C3B1911FF90001D115E = {
						TestTargetID = 8EB57C1A1911FF90001D115E;
					};
				};
			};
			buildConfigurationList = 8EB57C161911FF90001D115E /* Build configuration list for PBXProject "Kanjo" */;
			compatibilityVersion = "Xcode 3.2";
			developmentRegion = English;
			hasScannedForEncodings = 0;
			knownRegions = (
				en,
				Base,
			);
			mainGroup = 8EB57C121911FF90001D115E;
			productRefGroup = 8EB57C1C1911FF90001D115E /* Products */;
			projectDirPath = "";
			projectRoot = "";
			targets = (
				8EB57C1A1911FF90001D115E /* Kanjo */,
				8EB57C3B1911FF90001D115E /* KanjoTests */,
			);
		};
/* End PBXProject section */

/* Begin PBXResourcesBuildPhase section */
		8EB57C191911FF90001D115E /* Resources */ = {
			isa = PBXResourcesBuildPhase;
			buildActionMask = 2147483647;
			files = (
				8EB57C371911FF90001D115E /* Images.xcassets in Resources */,
				8EB57C7A191208A5001D115E /* ProximaNova-Regular.otf in Resources */,
				8EB57C291911FF90001D115E /* InfoPlist.strings in Resources */,
				8EB57C77191208A5001D115E /* ProximaNova-Black.otf in Resources */,
				8EB57C321911FF90001D115E /* Main.storyboard in Resources */,
				8EB57C7C191208A5001D115E /* ProximaNovaCond-Light.otf in Resources */,
				8EB57C78191208A5001D115E /* ProximaNova-Bold.otf in Resources */,
				8EB57C79191208A5001D115E /* ProximaNova-Light.otf in Resources */,
				8EB57C7E191208A5001D115E /* ProximaNovaCond-Semibold.otf in Resources */,
				8EB57C7B191208A5001D115E /* ProximaNova-Semibold.otf in Resources */,
				8EB57C7D191208A5001D115E /* ProximaNovaCond-Regular.otf in Resources */,
			);
			runOnlyForDeploymentPostprocessing = 0;
		};
		8EB57C3A1911FF90001D115E /* Resources */ = {
			isa = PBXResourcesBuildPhase;
			buildActionMask = 2147483647;
			files = (
				8EB57C481911FF90001D115E /* InfoPlist.strings in Resources */,
			);
			runOnlyForDeploymentPostprocessing = 0;
		};
/* End PBXResourcesBuildPhase section */

/* Begin PBXShellScriptBuildPhase section */
		672FCFADD2F544C29D23B57F /* Check Pods Manifest.lock */ = {
			isa = PBXShellScriptBuildPhase;
			buildActionMask = 2147483647;
			files = (
			);
			inputPaths = (
			);
			name = "Check Pods Manifest.lock";
			outputPaths = (
			);
			runOnlyForDeploymentPostprocessing = 0;
			shellPath = /bin/sh;
			shellScript = "diff \"${PODS_ROOT}/../Podfile.lock\" \"${PODS_ROOT}/Manifest.lock\" > /dev/null\nif [[ $? != 0 ]] ; then\n    cat << EOM\nerror: The sandbox is not in sync with the Podfile.lock. Run 'pod install' or update your CocoaPods installation.\nEOM\n    exit 1\nfi\n";
			showEnvVarsInLog = 0;
		};
		746149B63A3A407287B87A35 /* Copy Pods Resources */ = {
			isa = PBXShellScriptBuildPhase;
			buildActionMask = 2147483647;
			files = (
			);
			inputPaths = (
			);
			name = "Copy Pods Resources";
			outputPaths = (
			);
			runOnlyForDeploymentPostprocessing = 0;
			shellPath = /bin/sh;
			shellScript = "\"${SRCROOT}/Pods/Pods-resources.sh\"\n";
			showEnvVarsInLog = 0;
		};
/* End PBXShellScriptBuildPhase section */

/* Begin PBXSourcesBuildPhase section */
		8EB57C171911FF90001D115E /* Sources */ = {
			isa = PBXSourcesBuildPhase;
			buildActionMask = 2147483647;
			files = (
				8EB57C351911FF90001D115E /* KJMainController.m in Sources */,
				8EB57C8919120A21001D115E /* CameraCaptureManager.m in Sources */,
				8E3322A21916D11500A6E72B /* FaceCaptureAnimator.m in Sources */,
				8EB57C6A19120831001D115E /* UIBezierPath-Bounding.m in Sources */,
				8E33229D1916CF4E00A6E72B /* KJCaptureController.m in Sources */,
				8EB57C6019120822001D115E /* UIColor+ColorPallete.m in Sources */,
				8EB57C6919120831001D115E /* UIBezierPath-Smoothing.m in Sources */,
				8EB57C85191209D6001D115E /* KJNavigationController.m in Sources */,
				8EB57C2B1911FF90001D115E /* main.m in Sources */,
				8EB57C6B19120831001D115E /* UIBezierPath-Fitting.m in Sources */,
				8EB57C6C19120831001D115E /* UIBezierPath-Points.m in Sources */,
				8E3322A61917000100A6E72B /* KJFaceView.m in Sources */,
				8EB57C2F1911FF90001D115E /* KJAppDelegate.m in Sources */,
				8EB57C81191209A1001D115E /* KJNavBar.m in Sources */,
				8EB57C5A19120819001D115E /* CALayer+UIHelper.m in Sources */,
			);
			runOnlyForDeploymentPostprocessing = 0;
		};
		8EB57C381911FF90001D115E /* Sources */ = {
			isa = PBXSourcesBuildPhase;
			buildActionMask = 2147483647;
			files = (
				8EB57C4A1911FF90001D115E /* KanjoTests.m in Sources */,
			);
			runOnlyForDeploymentPostprocessing = 0;
		};
/* End PBXSourcesBuildPhase section */

/* Begin PBXTargetDependency section */
		8EB57C421911FF90001D115E /* PBXTargetDependency */ = {
			isa = PBXTargetDependency;
			target = 8EB57C1A1911FF90001D115E /* Kanjo */;
			targetProxy = 8EB57C411911FF90001D115E /* PBXContainerItemProxy */;
		};
/* End PBXTargetDependency section */

/* Begin PBXVariantGroup section */
		8EB57C271911FF90001D115E /* InfoPlist.strings */ = {
			isa = PBXVariantGroup;
			children = (
				8EB57C281911FF90001D115E /* en */,
			);
			name = InfoPlist.strings;
			sourceTree = "<group>";
		};
		8EB57C301911FF90001D115E /* Main.storyboard */ = {
			isa = PBXVariantGroup;
			children = (
				8EB57C311911FF90001D115E /* Base */,
			);
			name = Main.storyboard;
			sourceTree = "<group>";
		};
		8EB57C461911FF90001D115E /* InfoPlist.strings */ = {
			isa = PBXVariantGroup;
			children = (
				8EB57C471911FF90001D115E /* en */,
			);
			name = InfoPlist.strings;
			sourceTree = "<group>";
		};
/* End PBXVariantGroup section */

/* Begin XCBuildConfiguration section */
		8EB57C4B1911FF90001D115E /* Debug */ = {
			isa = XCBuildConfiguration;
			buildSettings = {
				ALWAYS_SEARCH_USER_PATHS = NO;
				CLANG_CXX_LANGUAGE_STANDARD = "gnu++0x";
				CLANG_CXX_LIBRARY = "libc++";
				CLANG_ENABLE_MODULES = YES;
				CLANG_ENABLE_OBJC_ARC = YES;
				CLANG_WARN_BOOL_CONVERSION = YES;
				CLANG_WARN_CONSTANT_CONVERSION = YES;
				CLANG_WARN_DIRECT_OBJC_ISA_USAGE = YES_ERROR;
				CLANG_WARN_EMPTY_BODY = YES;
				CLANG_WARN_ENUM_CONVERSION = YES;
				CLANG_WARN_INT_CONVERSION = YES;
				CLANG_WARN_OBJC_ROOT_CLASS = YES_ERROR;
				CLANG_WARN__DUPLICATE_METHOD_MATCH = YES;
				"CODE_SIGN_IDENTITY[sdk=iphoneos*]" = "iPhone Developer";
				COPY_PHASE_STRIP = NO;
				GCC_C_LANGUAGE_STANDARD = gnu99;
				GCC_DYNAMIC_NO_PIC = NO;
				GCC_OPTIMIZATION_LEVEL = 0;
				GCC_PREPROCESSOR_DEFINITIONS = (
					"DEBUG=1",
					"$(inherited)",
				);
				GCC_SYMBOLS_PRIVATE_EXTERN = NO;
				GCC_WARN_64_TO_32_BIT_CONVERSION = YES;
				GCC_WARN_ABOUT_RETURN_TYPE = YES_ERROR;
				GCC_WARN_UNDECLARED_SELECTOR = YES;
				GCC_WARN_UNINITIALIZED_AUTOS = YES_AGGRESSIVE;
				GCC_WARN_UNUSED_FUNCTION = YES;
				GCC_WARN_UNUSED_VARIABLE = YES;
				IPHONEOS_DEPLOYMENT_TARGET = 7.1;
				ONLY_ACTIVE_ARCH = YES;
				SDKROOT = iphoneos;
			};
			name = Debug;
		};
		8EB57C4C1911FF90001D115E /* Release */ = {
			isa = XCBuildConfiguration;
			buildSettings = {
				ALWAYS_SEARCH_USER_PATHS = NO;
				CLANG_CXX_LANGUAGE_STANDARD = "gnu++0x";
				CLANG_CXX_LIBRARY = "libc++";
				CLANG_ENABLE_MODULES = YES;
				CLANG_ENABLE_OBJC_ARC = YES;
				CLANG_WARN_BOOL_CONVERSION = YES;
				CLANG_WARN_CONSTANT_CONVERSION = YES;
				CLANG_WARN_DIRECT_OBJC_ISA_USAGE = YES_ERROR;
				CLANG_WARN_EMPTY_BODY = YES;
				CLANG_WARN_ENUM_CONVERSION = YES;
				CLANG_WARN_INT_CONVERSION = YES;
				CLANG_WARN_OBJC_ROOT_CLASS = YES_ERROR;
				CLANG_WARN__DUPLICATE_METHOD_MATCH = YES;
				"CODE_SIGN_IDENTITY[sdk=iphoneos*]" = "iPhone Developer";
				COPY_PHASE_STRIP = YES;
				ENABLE_NS_ASSERTIONS = NO;
				GCC_C_LANGUAGE_STANDARD = gnu99;
				GCC_WARN_64_TO_32_BIT_CONVERSION = YES;
				GCC_WARN_ABOUT_RETURN_TYPE = YES_ERROR;
				GCC_WARN_UNDECLARED_SELECTOR = YES;
				GCC_WARN_UNINITIALIZED_AUTOS = YES_AGGRESSIVE;
				GCC_WARN_UNUSED_FUNCTION = YES;
				GCC_WARN_UNUSED_VARIABLE = YES;
				IPHONEOS_DEPLOYMENT_TARGET = 7.1;
				SDKROOT = iphoneos;
				VALIDATE_PRODUCT = YES;
			};
			name = Release;
		};
		8EB57C4E1911FF90001D115E /* Debug */ = {
			isa = XCBuildConfiguration;
			baseConfigurationReference = 738169B509674909A798881A /* Pods.xcconfig */;
			buildSettings = {
				ASSETCATALOG_COMPILER_APPICON_NAME = AppIcon;
				ASSETCATALOG_COMPILER_LAUNCHIMAGE_NAME = LaunchImage;
				GCC_PRECOMPILE_PREFIX_HEADER = YES;
				GCC_PREFIX_HEADER = "Kanjo/Kanjo-Prefix.pch";
				INFOPLIST_FILE = "Kanjo/Kanjo-Info.plist";
				PRODUCT_NAME = "$(TARGET_NAME)";
				WRAPPER_EXTENSION = app;
			};
			name = Debug;
		};
		8EB57C4F1911FF90001D115E /* Release */ = {
			isa = XCBuildConfiguration;
			baseConfigurationReference = 738169B509674909A798881A /* Pods.xcconfig */;
			buildSettings = {
				ASSETCATALOG_COMPILER_APPICON_NAME = AppIcon;
				ASSETCATALOG_COMPILER_LAUNCHIMAGE_NAME = LaunchImage;
				GCC_PRECOMPILE_PREFIX_HEADER = YES;
				GCC_PREFIX_HEADER = "Kanjo/Kanjo-Prefix.pch";
				INFOPLIST_FILE = "Kanjo/Kanjo-Info.plist";
				PRODUCT_NAME = "$(TARGET_NAME)";
				WRAPPER_EXTENSION = app;
			};
			name = Release;
		};
		8EB57C511911FF90001D115E /* Debug */ = {
			isa = XCBuildConfiguration;
			buildSettings = {
				BUNDLE_LOADER = "$(BUILT_PRODUCTS_DIR)/Kanjo.app/Kanjo";
				FRAMEWORK_SEARCH_PATHS = (
					"$(SDKROOT)/Developer/Library/Frameworks",
					"$(inherited)",
					"$(DEVELOPER_FRAMEWORKS_DIR)",
				);
				GCC_PRECOMPILE_PREFIX_HEADER = YES;
				GCC_PREFIX_HEADER = "Kanjo/Kanjo-Prefix.pch";
				GCC_PREPROCESSOR_DEFINITIONS = (
					"DEBUG=1",
					"$(inherited)",
				);
				INFOPLIST_FILE = "KanjoTests/KanjoTests-Info.plist";
				PRODUCT_NAME = "$(TARGET_NAME)";
				TEST_HOST = "$(BUNDLE_LOADER)";
				WRAPPER_EXTENSION = xctest;
			};
			name = Debug;
		};
		8EB57C521911FF90001D115E /* Release */ = {
			isa = XCBuildConfiguration;
			buildSettings = {
				BUNDLE_LOADER = "$(BUILT_PRODUCTS_DIR)/Kanjo.app/Kanjo";
				FRAMEWORK_SEARCH_PATHS = (
					"$(SDKROOT)/Developer/Library/Frameworks",
					"$(inherited)",
					"$(DEVELOPER_FRAMEWORKS_DIR)",
				);
				GCC_PRECOMPILE_PREFIX_HEADER = YES;
				GCC_PREFIX_HEADER = "Kanjo/Kanjo-Prefix.pch";
				INFOPLIST_FILE = "KanjoTests/KanjoTests-Info.plist";
				PRODUCT_NAME = "$(TARGET_NAME)";
				TEST_HOST = "$(BUNDLE_LOADER)";
				WRAPPER_EXTENSION = xctest;
			};
			name = Release;
		};
/* End XCBuildConfiguration section */

/* Begin XCConfigurationList section */
		8EB57C161911FF90001D115E /* Build configuration list for PBXProject "Kanjo" */ = {
			isa = XCConfigurationList;
			buildConfigurations = (
				8EB57C4B1911FF90001D115E /* Debug */,
				8EB57C4C1911FF90001D115E /* Release */,
			);
			defaultConfigurationIsVisible = 0;
			defaultConfigurationName = Release;
		};
		8EB57C4D1911FF90001D115E /* Build configuration list for PBXNativeTarget "Kanjo" */ = {
			isa = XCConfigurationList;
			buildConfigurations = (
				8EB57C4E1911FF90001D115E /* Debug */,
				8EB57C4F1911FF90001D115E /* Release */,
			);
			defaultConfigurationIsVisible = 0;
			defaultConfigurationName = Release;
		};
		8EB57C501911FF90001D115E /* Build configuration list for PBXNativeTarget "KanjoTests" */ = {
			isa = XCConfigurationList;
			buildConfigurations = (
				8EB57C511911FF90001D115E /* Debug */,
				8EB57C521911FF90001D115E /* Release */,
			);
			defaultConfigurationIsVisible = 0;
			defaultConfigurationName = Release;
		};
/* End XCConfigurationList section */
	};
	rootObject = 8EB57C131911FF90001D115E /* Project object */;
}
